# THIS IS AN AUTOGENERATED FILE. DO NOT EDIT THIS FILE DIRECTLY.
# yarn lockfile v1


"@types/lodash@^4.14.110":
  version "4.14.110"
  resolved "http://registry.npm.alibaba-inc.com/@types/lodash/download/@types/lodash-4.14.110.tgz#fb07498f84152947f30ea09d89207ca07123461e"

"@types/node@^10.3.6":
  version "10.3.6"
  resolved "http://registry.npm.alibaba-inc.com/@types/node/download/@types/node-10.3.6.tgz#ea8aab9439b59f40d19ec5f13b44642344872b11"

ansi-styles@^3.1.0:
  version "3.2.0"
  resolved "http://registry.npm.alibaba-inc.com/ansi-styles/download/ansi-styles-3.2.0.tgz#c159b8d5be0f9e5a6f346dab94f16ce022161b88"
  dependencies:
    color-convert "^1.9.0"

arrify@^1.0.0:
  version "1.0.1"
  resolved "http://registry.npm.alibaba-inc.com/arrify/download/arrify-1.0.1.tgz#898508da2226f380df904728456849c1501a4b0d"

chalk@^2.0.0, chalk@^2.3.0:
  version "2.3.0"
  resolved "http://registry.npm.alibaba-inc.com/chalk/download/chalk-2.3.0.tgz#b5ea48efc9c1793dccc9b4767c93914d3f2d52ba"
  dependencies:
    ansi-styles "^3.1.0"
    escape-string-regexp "^1.0.5"
    supports-color "^4.0.0"

color-convert@^1.9.0:
  version "1.9.0"
  resolved "http://registry.npm.alibaba-inc.com/color-convert/download/color-convert-1.9.0.tgz#1accf97dd739b983bf994d56fec8f95853641b7a"
  dependencies:
    color-name "^1.1.1"

color-name@^1.1.1:
  version "1.1.3"
  resolved "http://registry.npm.alibaba-inc.com/color-name/download/color-name-1.1.3.tgz#a7d0558bd89c42f795dd42328f740831ca53bc25"

commander@^2.11.0:
  version "2.11.0"
  resolved "http://registry.npm.alibaba-inc.com/commander/download/commander-2.11.0.tgz#157152fd1e7a6c8d98a5b715cf376df928004563"

diff@^3.1.0:
  version "3.4.0"
  resolved "http://registry.npm.alibaba-inc.com/diff/download/diff-3.4.0.tgz#b1d85507daf3964828de54b37d0d73ba67dda56c"

encoding@^0.1.11:
  version "0.1.12"
  resolved "http://registry.npm.alibaba-inc.com/encoding/download/encoding-0.1.12.tgz#538b66f3ee62cd1ab51ec323829d1f9480c74beb"
  dependencies:
    iconv-lite "~0.4.13"

escape-string-regexp@^1.0.5:
  version "1.0.5"
  resolved "http://registry.npm.alibaba-inc.com/escape-string-regexp/download/escape-string-regexp-1.0.5.tgz#1b61c0562190a8dff6ae3bb2cf0200ca130b86d4"

fs-extra@^5.0.0:
  version "5.0.0"
  resolved "http://registry.npm.alibaba-inc.com/fs-extra/download/fs-extra-5.0.0.tgz#414d0110cdd06705734d055652c5411260c31abd"
  dependencies:
    graceful-fs "^4.1.2"
    jsonfile "^4.0.0"
    universalify "^0.1.0"

graceful-fs@^4.1.2, graceful-fs@^4.1.6:
  version "4.1.11"
  resolved "http://registry.npm.alibaba-inc.com/graceful-fs/download/graceful-fs-4.1.11.tgz#0e8bdfe4d1ddb8854d64e04ea7c00e2a026e5658"

has-flag@^2.0.0:
  version "2.0.0"
  resolved "http://registry.npm.alibaba-inc.com/has-flag/download/has-flag-2.0.0.tgz#e8207af1cc7b30d446cc70b734b5e8be18f88d51"

homedir-polyfill@^1.0.1:
  version "1.0.1"
  resolved "http://registry.npm.alibaba-inc.com/homedir-polyfill/download/homedir-polyfill-1.0.1.tgz#4c2bbc8a758998feebf5ed68580f76d46768b4bc"
  dependencies:
    parse-passwd "^1.0.0"

iconv-lite@~0.4.13:
  version "0.4.19"
  resolved "http://registry.npm.alibaba-inc.com/iconv-lite/download/iconv-lite-0.4.19.tgz#f7468f60135f5e5dad3399c0a81be9a1603a082b"

is-stream@^1.0.1:
  version "1.1.0"
  resolved "http://registry.npm.alibaba-inc.com/is-stream/download/is-stream-1.1.0.tgz#12d4a3dd4e68e0b79ceb8dbc84173ae80d91ca44"

jsonfile@^4.0.0:
  version "4.0.0"
  resolved "http://registry.npm.alibaba-inc.com/jsonfile/download/jsonfile-4.0.0.tgz#8771aae0799b64076b76640fca058f9c10e33ecb"
  optionalDependencies:
    graceful-fs "^4.1.6"

lodash@^4.17.4:
  version "4.17.4"
  resolved "http://registry.npm.alibaba-inc.com/lodash/download/lodash-4.17.4.tgz#78203a4d1c328ae1d86dca6460e369b57f4055ae"

make-error@^1.1.1:
  version "1.3.0"
  resolved "http://registry.npm.alibaba-inc.com/make-error/download/make-error-1.3.0.tgz#52ad3a339ccf10ce62b4040b708fe707244b8b96"

minimist@0.0.8:
  version "0.0.8"
  resolved "http://registry.npm.alibaba-inc.com/minimist/download/minimist-0.0.8.tgz#857fcabfc3397d2625b8228262e86aa7a011b05d"

minimist@^1.2.0:
  version "1.2.0"
  resolved "http://registry.npm.alibaba-inc.com/minimist/download/minimist-1.2.0.tgz#a35008b20f41383eec1fb914f4cd5df79a264284"

mkdirp@^0.5.1:
  version "0.5.1"
  resolved "http://registry.npm.alibaba-inc.com/mkdirp/download/mkdirp-0.5.1.tgz#30057438eac6cf7f8c4767f38648d6697d75c903"
  dependencies:
    minimist "0.0.8"

node-fetch@^1.7.3:
  version "1.7.3"
  resolved "http://registry.npm.alibaba-inc.com/node-fetch/download/node-fetch-1.7.3.tgz#980f6f72d85211a5347c6b2bc18c5b84c3eb47ef"
  dependencies:
    encoding "^0.1.11"
    is-stream "^1.0.1"

parse-passwd@^1.0.0:
  version "1.0.0"
  resolved "http://registry.npm.alibaba-inc.com/parse-passwd/download/parse-passwd-1.0.0.tgz#6d5b934a456993b23d37f40a382d6f1666a8e5c6"

prettier@^1.9.2:
  version "1.13.6"
  resolved "http://registry.npm.alibaba-inc.com/prettier/download/prettier-1.13.6.tgz#00ae0b777ad92f81a9e7a1df2f0470b6dab0cb44"

source-map-support@^0.4.0:
  version "0.4.18"
  resolved "http://registry.npm.alibaba-inc.com/source-map-support/download/source-map-support-0.4.18.tgz#0286a6de8be42641338594e97ccea75f0a2c585f"
  dependencies:
    source-map "^0.5.6"

source-map@^0.5.6:
  version "0.5.7"
  resolved "http://registry.npm.alibaba-inc.com/source-map/download/source-map-0.5.7.tgz#8a039d2d1021d22d1ea14c80d8ea468ba2ef3fcc"

strip-bom@^3.0.0:
  version "3.0.0"
  resolved "http://registry.npm.alibaba-inc.com/strip-bom/download/strip-bom-3.0.0.tgz#2334c18e9c759f7bdd56fdef7e9ae3d588e68ed3"

strip-json-comments@^2.0.0:
  version "2.0.1"
  resolved "http://registry.npm.alibaba-inc.com/strip-json-comments/download/strip-json-comments-2.0.1.tgz#3c531942e908c2697c0ec344858c286c7ca0a60a"

supports-color@^4.0.0:
  version "4.5.0"
  resolved "http://registry.npm.alibaba-inc.com/supports-color/download/supports-color-4.5.0.tgz#be7a0de484dec5c5cddf8b3d59125044912f635b"
  dependencies:
    has-flag "^2.0.0"

ts-node@^3.3.0:
  version "3.3.0"
  resolved "http://registry.npm.alibaba-inc.com/ts-node/download/ts-node-3.3.0.tgz#c13c6a3024e30be1180dd53038fc209289d4bf69"
  dependencies:
    arrify "^1.0.0"
    chalk "^2.0.0"
    diff "^3.1.0"
    make-error "^1.1.1"
    minimist "^1.2.0"
    mkdirp "^0.5.1"
    source-map-support "^0.4.0"
    tsconfig "^6.0.0"
    v8flags "^3.0.0"
    yn "^2.0.0"

tsconfig@^6.0.0:
  version "6.0.0"
  resolved "http://registry.npm.alibaba-inc.com/tsconfig/download/tsconfig-6.0.0.tgz#6b0e8376003d7af1864f8df8f89dd0059ffcd032"
  dependencies:
    strip-bom "^3.0.0"
    strip-json-comments "^2.0.0"

typescript@^2.9.2:
  version "2.9.2"
  resolved "http://registry.npm.alibaba-inc.com/typescript/download/typescript-2.9.2.tgz#1cbf61d05d6b96269244eb6a3bce4bd914e0f00c"

universalify@^0.1.0:
  version "0.1.1"
  resolved "http://registry.npm.alibaba-inc.com/universalify/download/universalify-0.1.1.tgz#fa71badd4437af4c148841e3b3b165f9e9e590b7"

v8flags@^3.0.0:
  version "3.0.1"
  resolved "http://registry.npm.alibaba-inc.com/v8flags/download/v8flags-3.0.1.tgz#dce8fc379c17d9f2c9e9ed78d89ce00052b1b76b"
  dependencies:
    homedir-polyfill "^1.0.1"

yn@^2.0.0:
  version "2.0.0"
  resolved "http://registry.npm.alibaba-inc.com/yn/download/yn-2.0.0.tgz#e5adabc8acf408f6385fc76495684c88e6af689a"
