[
  {
    "mods": [
      {
        "description": "系统指标（主推指标)）",
        "interfaces": [
          {
            "consumes": [
              "application/json"
            ],
            "description": "获取系统指标",
            "name": "getSystemIndex",
            "method": "get",
            "path": "/dataphin/assistant/dingtalk/portal/systemindex",
            "response": {
              "isArr": false,
              "customType": "",
              "reference": "defs.SystemIndexBO",
              "enum": []
            },
            "parameters": []
          },
          {
            "consumes": [
              "application/json"
            ],
            "description": "插入一条指标",
            "name": "insertSystemIndexBO",
            "method": "post",
            "path": "/dataphin/assistant/dingtalk/portal/systemindex",
            "response": {
              "isArr": false,
              "customType": "",
              "reference": "",
              "enum": [],
              "primitiveType": "number"
            },
            "parameters": [
              {
                "in": "body",
                "description": "系统指标组成",
                "name": "systemIndexBO",
                "required": true,
                "dataType": {
                  "isArr": false,
                  "customType": "",
                  "reference": "defs.SystemIndexBO",
                  "enum": []
                }
              }
            ]
          },
          {
            "consumes": [
              "application/json"
            ],
            "description": "更新指标群",
            "name": "updateSystemIndex",
            "method": "put",
            "path": "/dataphin/assistant/dingtalk/portal/systemindex",
            "response": {
              "isArr": false,
              "customType": "",
              "reference": "",
              "enum": [],
              "primitiveType": "number"
            },
            "parameters": [
              {
                "in": "body",
                "description": "systemIndexBOList",
                "name": "systemIndexBOList",
                "required": true,
                "dataType": {
                  "isArr": false,
                  "customType": "",
                  "reference": "",
                  "enum": []
                }
              }
            ]
          },
          {
            "consumes": [
              "application/json"
            ],
            "description": "预览提交",
            "name": "previewCommit",
            "method": "post",
            "path": "/dataphin/assistant/dingtalk/portal/systemindex/preview",
            "response": {
              "isArr": false,
              "customType": "",
              "reference": "",
              "enum": [],
              "primitiveType": "string"
            },
            "parameters": [
              {
                "in": "body",
                "description": "系统指标组成",
                "name": "systemIndexBO",
                "required": true,
                "dataType": {
                  "isArr": false,
                  "customType": "",
                  "reference": "defs.SystemIndexBO",
                  "enum": []
                }
              }
            ]
          },
          {
            "consumes": [
              "application/json"
            ],
            "description": "预览轮询",
            "name": "previewResult",
            "method": "get",
            "path": "/dataphin/assistant/dingtalk/portal/systemindex/preview/{taskId}",
            "response": {
              "isArr": false,
              "customType": "",
              "reference": "defs.QueryStatusBO",
              "enum": []
            },
            "parameters": [
              {
                "in": "path",
                "description": "查询进度及结果的对象体",
                "name": "taskId",
                "required": true,
                "dataType": {
                  "isArr": false,
                  "customType": "",
                  "reference": "",
                  "enum": [],
                  "primitiveType": "string"
                }
              }
            ]
          },
          {
            "consumes": [
              "application/json"
            ],
            "description": "删除一条指标",
            "name": "deleteSystemIndex",
            "method": "delete",
            "path": "/dataphin/assistant/dingtalk/portal/systemindex/{indexNameAllCn}",
            "response": {
              "isArr": false,
              "customType": "",
              "reference": "",
              "enum": [],
              "primitiveType": "number"
            },
            "parameters": [
              {
                "in": "path",
                "description": "indexNameAllCn",
                "name": "indexNameAllCn",
                "required": true,
                "dataType": {
                  "isArr": false,
                  "customType": "",
                  "reference": "",
                  "enum": [],
                  "primitiveType": "string"
                }
              }
            ]
          }
        ],
        "name": ""
      },
      {
        "description": "预设指标",
        "interfaces": [
          {
            "consumes": [
              "application/json"
            ],
            "description": "获取所有预设指标",
            "name": "getPreinstallBO",
            "method": "get",
            "path": "/dataphin/assistant/dingtalk/portal/preinstall",
            "response": {
              "isArr": false,
              "customType": "",
              "reference": "defs.PreinstallBO",
              "enum": []
            },
            "parameters": []
          },
          {
            "consumes": [
              "application/json"
            ],
            "description": "更新一条预设指标",
            "name": "updatePreinstallBO",
            "method": "put",
            "path": "/dataphin/assistant/dingtalk/portal/preinstall",
            "response": {
              "isArr": false,
              "customType": "",
              "reference": "",
              "enum": [],
              "primitiveType": "number"
            },
            "parameters": [
              {
                "in": "body",
                "description": "预设指标对象体",
                "name": "preinstallBO",
                "required": true,
                "dataType": {
                  "isArr": false,
                  "customType": "",
                  "reference": "defs.PreinstallBO",
                  "enum": []
                }
              }
            ]
          },
          {
            "consumes": [
              "application/json"
            ],
            "description": "预设指标提交预览",
            "name": "preinstallCommit",
            "method": "post",
            "path": "/dataphin/assistant/dingtalk/portal/preinstall/preview",
            "response": {
              "isArr": false,
              "customType": "",
              "reference": "",
              "enum": [],
              "primitiveType": "string"
            },
            "parameters": [
              {
                "in": "body",
                "description": "预设指标对象体",
                "name": "preinstallBO",
                "required": true,
                "dataType": {
                  "isArr": false,
                  "customType": "",
                  "reference": "defs.PreinstallBO",
                  "enum": []
                }
              }
            ]
          },
          {
            "consumes": [
              "application/json"
            ],
            "description": "删除某条预设指标",
            "name": "deletePreinstallBO",
            "method": "delete",
            "path": "/dataphin/assistant/dingtalk/portal/preinstall/{indexNameAllCn}",
            "response": {
              "isArr": false,
              "customType": "",
              "reference": "defs.PreinstallBO",
              "enum": []
            },
            "parameters": [
              {
                "in": "path",
                "description": "指标中文名",
                "name": "indexNameAllCn",
                "required": true,
                "dataType": {
                  "isArr": false,
                  "customType": "",
                  "reference": "",
                  "enum": [],
                  "primitiveType": "string"
                }
              }
            ]
          }
        ],
        "name": ""
      },
      {
        "description": "核心维度增减",
        "interfaces": [
          {
            "consumes": [
              "application/json"
            ],
            "description": "获取核心维度",
            "name": "getDimConfigBO",
            "method": "get",
            "path": "/dataphin/assistant/dingtalk/portal/dimconfig",
            "response": {
              "isArr": false,
              "customType": "",
              "reference": "defs.DimConfigBO",
              "enum": []
            },
            "parameters": []
          },
          {
            "consumes": [
              "application/json"
            ],
            "description": "添加一条核心维度",
            "name": "insertDimConfigBO",
            "method": "post",
            "path": "/dataphin/assistant/dingtalk/portal/dimconfig",
            "response": {
              "isArr": false,
              "customType": "",
              "reference": "",
              "enum": [],
              "primitiveType": "number"
            },
            "parameters": [
              {
                "in": "body",
                "description": "核心维度对象体，里面包含维度值的List，上限1000",
                "name": "dimConfigBO",
                "required": true,
                "dataType": {
                  "isArr": false,
                  "customType": "",
                  "reference": "defs.DimConfigBO",
                  "enum": []
                }
              }
            ]
          },
          {
            "consumes": [
              "application/json"
            ],
            "description": "搜索框来查询维度值",
            "name": "queryAttributeValueCommit",
            "method": "post",
            "path": "/dataphin/assistant/dingtalk/portal/dimconfig/attribute/commit",
            "response": {
              "isArr": false,
              "customType": "",
              "reference": "",
              "enum": [],
              "primitiveType": "string"
            },
            "parameters": [
              {
                "in": "body",
                "description": "核心维度对象体，里面包含维度值的List，上限1000",
                "name": "dimConfigBO",
                "required": true,
                "dataType": {
                  "isArr": false,
                  "customType": "",
                  "reference": "defs.DimConfigBO",
                  "enum": []
                }
              }
            ]
          },
          {
            "consumes": [
              "application/json"
            ],
            "description": "根据维度id去获取属性名称",
            "name": "getAttributeByDimId",
            "method": "get",
            "path": "/dataphin/assistant/dingtalk/portal/dimconfig/attribute/name/{dimensionId}",
            "response": {
              "isArr": false,
              "customType": "",
              "reference": "defs.DingTalkAttributeBO",
              "enum": []
            },
            "parameters": [
              {
                "in": "path",
                "description": "维度id",
                "name": "dimensionId",
                "required": true,
                "dataType": {
                  "isArr": false,
                  "customType": "",
                  "reference": "",
                  "enum": [],
                  "primitiveType": "string"
                }
              }
            ]
          },
          {
            "consumes": [
              "application/json"
            ],
            "description": "轮询属性查询结果",
            "name": "queryAttributeValue",
            "method": "post",
            "path": "/dataphin/assistant/dingtalk/portal/dimconfig/attribute/status/{taskId}",
            "response": {
              "isArr": false,
              "customType": "",
              "reference": "defs.QueryStatusBO",
              "enum": []
            },
            "parameters": [
              {
                "in": "body",
                "description": "轮询结果查询，必须带上的参数，是userId和taskId",
                "name": "dimConfigBO",
                "required": true,
                "dataType": {
                  "isArr": false,
                  "customType": "",
                  "reference": "defs.DimConfigBO",
                  "enum": []
                }
              }
            ]
          },
          {
            "consumes": [
              "application/json"
            ],
            "description": "根据dimId去删除核心维度配置",
            "name": "deleteDimConfigBO",
            "method": "delete",
            "path": "/dataphin/assistant/dingtalk/portal/dimconfig/{dimId}",
            "response": {
              "isArr": false,
              "customType": "",
              "reference": "",
              "enum": [],
              "primitiveType": "number"
            },
            "parameters": [
              {
                "in": "path",
                "description": "维度id",
                "name": "dimId",
                "required": true,
                "dataType": {
                  "isArr": false,
                  "customType": "",
                  "reference": "",
                  "enum": [],
                  "primitiveType": "string"
                }
              }
            ]
          },
          {
            "consumes": [
              "application/json"
            ],
            "description": "搜索框，维度名称搜寻提交",
            "name": "searchDimByName",
            "method": "get",
            "path": "/dataphin/assistant/dingtalk/portal/dimconfig/{dimNameCn}",
            "response": {
              "isArr": false,
              "customType": "",
              "reference": "defs.DimConfigBO",
              "enum": []
            },
            "parameters": [
              {
                "in": "path",
                "description": "维度名",
                "name": "dimNameCn",
                "required": true,
                "dataType": {
                  "isArr": false,
                  "customType": "",
                  "reference": "",
                  "enum": [],
                  "primitiveType": "string"
                }
              }
            ]
          }
        ],
        "name": ""
      },
      {
        "description": "h5页面接口",
        "interfaces": [
          {
            "consumes": [
              "application/json"
            ],
            "description": "插入收藏-详情页",
            "name": "insertSubBO",
            "method": "post",
            "path": "/dataphin/assistant/dingtalk/portal/h5/detail",
            "response": {
              "isArr": false,
              "customType": "",
              "reference": "",
              "enum": [],
              "primitiveType": "string"
            },
            "parameters": [
              {
                "in": "body",
                "description": "插入对象的所有信息，与返回的信息json字符格式相同",
                "name": "h5DetailDO",
                "required": true,
                "dataType": {
                  "isArr": false,
                  "customType": "",
                  "reference": "defs.H5DetailDO",
                  "enum": []
                }
              }
            ]
          },
          {
            "consumes": [
              "application/json"
            ],
            "description": "取消收藏-详情页",
            "name": "delSubBO",
            "method": "delete",
            "path": "/dataphin/assistant/dingtalk/portal/h5/detail",
            "response": {
              "isArr": false,
              "customType": "",
              "reference": "",
              "enum": [],
              "primitiveType": "string"
            },
            "parameters": [
              {
                "in": "body",
                "description": "与插入对象的信息相同",
                "name": "h5DetailDO",
                "required": true,
                "dataType": {
                  "isArr": false,
                  "customType": "",
                  "reference": "defs.H5DetailDO",
                  "enum": []
                }
              }
            ]
          },
          {
            "consumes": [
              "application/json"
            ],
            "description": "详情页信息",
            "name": "getH5Detail",
            "method": "get",
            "path": "/dataphin/assistant/dingtalk/portal/h5/detail/{queryResult}",
            "response": {
              "isArr": false,
              "customType": "",
              "reference": "defs.H5DetailDO",
              "enum": []
            },
            "parameters": [
              {
                "in": "path",
                "description": "带有userId，date，confgid的字符串，131745u20180703d-492110612c ",
                "name": "queryResult",
                "required": true,
                "dataType": {
                  "isArr": false,
                  "customType": "",
                  "reference": "",
                  "enum": [],
                  "primitiveType": "string"
                }
              }
            ]
          },
          {
            "consumes": [
              "application/json"
            ],
            "description": "提交查询",
            "name": "commitQuery",
            "method": "post",
            "path": "/dataphin/assistant/dingtalk/portal/h5/query",
            "response": {
              "isArr": false,
              "customType": "",
              "reference": "defs.SqlConfigBO",
              "enum": []
            },
            "parameters": [
              {
                "in": "body",
                "description": "查询进度及结果的对象体",
                "name": "sqlConfigBO",
                "required": true,
                "dataType": {
                  "isArr": false,
                  "customType": "",
                  "reference": "defs.SqlConfigBO",
                  "enum": []
                }
              }
            ]
          },
          {
            "consumes": [
              "application/json"
            ],
            "description": "轮询判断",
            "name": "queryProcess",
            "method": "post",
            "path": "/dataphin/assistant/dingtalk/portal/h5/query/status/",
            "response": {
              "isArr": false,
              "customType": "",
              "reference": "defs.SqlConfigBO",
              "enum": []
            },
            "parameters": [
              {
                "in": "body",
                "description": "查询进度及结果的对象体",
                "name": "h5DetailDO",
                "required": true,
                "dataType": {
                  "isArr": false,
                  "customType": "",
                  "reference": "defs.H5DetailDO",
                  "enum": []
                }
              }
            ]
          }
        ],
        "name": ""
      },
      {
        "description": "值班人员管理",
        "interfaces": [
          {
            "consumes": [
              "application/json"
            ],
            "description": "获取接单人员名单",
            "name": "getStaffBO",
            "method": "get",
            "path": "/dataphin/assistant/dingtalk/portal/staff",
            "response": {
              "isArr": false,
              "customType": "",
              "reference": "defs.StaffBO",
              "enum": []
            },
            "parameters": []
          },
          {
            "consumes": [
              "application/json"
            ],
            "description": "更新接单人员名单",
            "name": "updateStaffBO",
            "method": "post",
            "path": "/dataphin/assistant/dingtalk/portal/staff",
            "response": {
              "isArr": false,
              "customType": "",
              "reference": "",
              "enum": [],
              "primitiveType": "number"
            },
            "parameters": [
              {
                "in": "body",
                "description": "接单人员对象体的list，包括人员id，中文名，以及排序方式，0是轮流，1是随机",
                "name": "staffBOList",
                "required": true,
                "dataType": {
                  "isArr": false,
                  "customType": "",
                  "reference": "",
                  "enum": []
                }
              }
            ]
          }
        ],
        "name": ""
      },
      {
        "description": "h5及pc端的查询接口",
        "interfaces": [
          {
            "consumes": [
              "application/json"
            ],
            "description": "index",
            "name": "index",
            "method": "get",
            "path": "/dataphin/assistant/dingtalk/portal/h5/{id}",
            "response": {
              "isArr": false,
              "customType": "",
              "reference": "",
              "enum": [],
              "primitiveType": "string"
            },
            "parameters": [
              {
                "in": "path",
                "description": "id",
                "name": "id",
                "required": true,
                "dataType": {
                  "isArr": false,
                  "customType": "",
                  "reference": "",
                  "enum": [],
                  "primitiveType": "string"
                }
              }
            ]
          }
        ],
        "name": ""
      }
    ],
    "baseClasses": [
      {
        "name": "DimConfigBO",
        "properties": [
          {
            "dataType": {
              "isArr": false,
              "customType": "",
              "reference": "",
              "enum": [],
              "primitiveType": "string"
            },
            "name": "attributeName"
          },
          {
            "dataType": {
              "isArr": false,
              "customType": "",
              "reference": "",
              "enum": [],
              "primitiveType": "string"
            },
            "name": "attributeNameCn"
          },
          {
            "dataType": {
              "isArr": false,
              "customType": "",
              "reference": "",
              "enum": [],
              "primitiveType": "string"
            },
            "name": "attributeValue"
          },
          {
            "dataType": {
              "isArr": true,
              "customType": "",
              "reference": "",
              "enum": []
            },
            "name": "attributeValueList"
          },
          {
            "dataType": {
              "isArr": false,
              "customType": "",
              "reference": "",
              "enum": [],
              "primitiveType": "string"
            },
            "name": "desc"
          },
          {
            "dataType": {
              "isArr": false,
              "customType": "",
              "reference": "",
              "enum": [],
              "primitiveType": "string"
            },
            "name": "dimId"
          },
          {
            "dataType": {
              "isArr": false,
              "customType": "",
              "reference": "",
              "enum": [],
              "primitiveType": "string"
            },
            "name": "dimName"
          },
          {
            "dataType": {
              "isArr": false,
              "customType": "",
              "reference": "",
              "enum": [],
              "primitiveType": "string"
            },
            "name": "dimNameCn"
          },
          {
            "dataType": {
              "isArr": false,
              "customType": "",
              "reference": "",
              "enum": [],
              "primitiveType": "number"
            },
            "name": "num"
          },
          {
            "dataType": {
              "isArr": false,
              "customType": "",
              "reference": "",
              "enum": [],
              "primitiveType": "string"
            },
            "name": "queryWord"
          },
          {
            "dataType": {
              "isArr": false,
              "customType": "",
              "reference": "",
              "enum": [],
              "primitiveType": "string"
            },
            "name": "taskId"
          },
          {
            "dataType": {
              "isArr": false,
              "customType": "",
              "reference": "",
              "enum": [],
              "primitiveType": "string"
            },
            "name": "userId"
          }
        ]
      },
      {
        "name": "DingTalkAttributeBO",
        "properties": [
          {
            "dataType": {
              "isArr": false,
              "customType": "",
              "reference": "",
              "enum": [],
              "primitiveType": "string"
            },
            "name": "attributeId"
          },
          {
            "dataType": {
              "isArr": false,
              "customType": "",
              "reference": "",
              "enum": [],
              "primitiveType": "string"
            },
            "name": "attributeName"
          },
          {
            "dataType": {
              "isArr": false,
              "customType": "",
              "reference": "",
              "enum": [],
              "primitiveType": "string"
            },
            "name": "attributeNameCn"
          },
          {
            "dataType": {
              "isArr": false,
              "customType": "",
              "reference": "",
              "enum": [],
              "primitiveType": "string"
            },
            "name": "attributeValue"
          },
          {
            "dataType": {
              "isArr": false,
              "customType": "",
              "reference": "",
              "enum": [],
              "primitiveType": "number"
            },
            "name": "dimensionId"
          },
          {
            "dataType": {
              "isArr": false,
              "customType": "",
              "reference": "",
              "enum": [],
              "primitiveType": "string"
            },
            "name": "dimensionName"
          },
          {
            "dataType": {
              "isArr": false,
              "customType": "",
              "reference": "",
              "enum": [],
              "primitiveType": "string"
            },
            "name": "dimensionNameCn"
          }
        ]
      },
      {
        "name": "H5DetailDO",
        "properties": [
          {
            "dataType": {
              "isArr": false,
              "customType": "",
              "reference": "",
              "enum": [],
              "primitiveType": "string"
            },
            "name": "attributeName"
          },
          {
            "dataType": {
              "isArr": false,
              "customType": "",
              "reference": "",
              "enum": [],
              "primitiveType": "string"
            },
            "name": "attributeNameCn"
          },
          {
            "dataType": {
              "isArr": false,
              "customType": "",
              "reference": "",
              "enum": [],
              "primitiveType": "string"
            },
            "name": "attributeValue"
          },
          {
            "dataType": {
              "isArr": true,
              "customType": "",
              "reference": "",
              "enum": []
            },
            "name": "attributeValueList"
          },
          {
            "dataType": {
              "isArr": false,
              "customType": "",
              "reference": "",
              "enum": [],
              "primitiveType": "number"
            },
            "name": "configId"
          },
          {
            "dataType": {
              "isArr": false,
              "customType": "",
              "reference": "",
              "enum": [],
              "primitiveType": "string"
            },
            "name": "dateRate"
          },
          {
            "dataType": {
              "isArr": false,
              "customType": "",
              "reference": "",
              "enum": [],
              "primitiveType": "number"
            },
            "name": "derivedIndexId"
          },
          {
            "dataType": {
              "isArr": false,
              "customType": "",
              "reference": "",
              "enum": [],
              "primitiveType": "string"
            },
            "name": "derivedIndexName"
          },
          {
            "dataType": {
              "isArr": false,
              "customType": "",
              "reference": "",
              "enum": [],
              "primitiveType": "string"
            },
            "name": "derivedIndexNameCn"
          },
          {
            "dataType": {
              "isArr": false,
              "customType": "",
              "reference": "",
              "enum": [],
              "primitiveType": "string"
            },
            "name": "derivedIndexNameCnAll"
          },
          {
            "dataType": {
              "isArr": false,
              "customType": "",
              "reference": "",
              "enum": [],
              "primitiveType": "string"
            },
            "name": "dimensionId"
          },
          {
            "dataType": {
              "isArr": false,
              "customType": "",
              "reference": "",
              "enum": [],
              "primitiveType": "string"
            },
            "name": "ds"
          },
          {
            "dataType": {
              "isArr": false,
              "customType": "",
              "reference": "",
              "enum": [],
              "primitiveType": "string"
            },
            "name": "queryStateCode"
          },
          {
            "dataType": {
              "isArr": true,
              "customType": "",
              "reference": "",
              "enum": []
            },
            "name": "relativeIndex"
          },
          {
            "dataType": {
              "isArr": false,
              "customType": "",
              "reference": "",
              "enum": [],
              "primitiveType": "string"
            },
            "name": "sourceTable"
          },
          {
            "dataType": {
              "isArr": false,
              "customType": "",
              "reference": "",
              "enum": [],
              "primitiveType": "boolean"
            },
            "name": "subscribe"
          },
          {
            "dataType": {
              "isArr": false,
              "customType": "",
              "reference": "",
              "enum": [],
              "primitiveType": "string"
            },
            "name": "taskId"
          },
          {
            "dataType": {
              "isArr": false,
              "customType": "",
              "reference": "",
              "enum": [],
              "primitiveType": "string"
            },
            "name": "trendValue"
          },
          {
            "dataType": {
              "isArr": false,
              "customType": "",
              "reference": "",
              "enum": []
            },
            "name": "trendValueMap"
          },
          {
            "dataType": {
              "isArr": false,
              "customType": "",
              "reference": "",
              "enum": [],
              "primitiveType": "string"
            },
            "name": "userId"
          },
          {
            "dataType": {
              "isArr": false,
              "customType": "",
              "reference": "",
              "enum": [],
              "primitiveType": "string"
            },
            "name": "value"
          }
        ]
      },
      {
        "name": "PreinstallBO",
        "properties": [
          {
            "dataType": {
              "isArr": false,
              "customType": "",
              "reference": "",
              "enum": [],
              "primitiveType": "string"
            },
            "name": "desc"
          },
          {
            "dataType": {
              "isArr": false,
              "customType": "",
              "reference": "",
              "enum": [],
              "primitiveType": "string"
            },
            "name": "indexNameAllCn"
          },
          {
            "dataType": {
              "isArr": false,
              "customType": "",
              "reference": "",
              "enum": [],
              "primitiveType": "string"
            },
            "name": "sql"
          }
        ]
      },
      {
        "name": "QueryStatusBO",
        "properties": [
          {
            "dataType": {
              "isArr": true,
              "customType": "",
              "reference": "",
              "enum": []
            },
            "name": "attributeValueList"
          },
          {
            "dataType": {
              "isArr": false,
              "customType": "",
              "reference": "",
              "enum": [],
              "primitiveType": "string"
            },
            "name": "result"
          },
          {
            "dataType": {
              "isArr": false,
              "customType": "",
              "reference": "",
              "enum": [],
              "primitiveType": "string"
            },
            "name": "schedule"
          },
          {
            "dataType": {
              "isArr": false,
              "customType": "",
              "reference": "",
              "enum": [],
              "primitiveType": "number"
            },
            "name": "status"
          }
        ]
      },
      {
        "name": "SqlConfigBO",
        "properties": [
          {
            "dataType": {
              "isArr": false,
              "customType": "",
              "reference": "",
              "enum": []
            },
            "name": "attributeSelectMap"
          },
          {
            "dataType": {
              "isArr": false,
              "customType": "",
              "reference": "",
              "enum": [],
              "primitiveType": "string"
            },
            "name": "attributeString"
          },
          {
            "dataType": {
              "isArr": false,
              "customType": "",
              "reference": "",
              "enum": [],
              "primitiveType": "string"
            },
            "name": "attributeValue"
          },
          {
            "dataType": {
              "isArr": false,
              "customType": "",
              "reference": "",
              "enum": [],
              "primitiveType": "string"
            },
            "name": "bizUnitName"
          },
          {
            "dataType": {
              "isArr": false,
              "customType": "",
              "reference": "",
              "enum": []
            },
            "name": "conditionMap"
          },
          {
            "dataType": {
              "isArr": false,
              "customType": "",
              "reference": "",
              "enum": []
            },
            "name": "configClass"
          },
          {
            "dataType": {
              "isArr": false,
              "customType": "",
              "reference": "",
              "enum": [],
              "primitiveType": "string"
            },
            "name": "derivedAttributeIndexNameCn"
          },
          {
            "dataType": {
              "isArr": false,
              "customType": "",
              "reference": "",
              "enum": [],
              "primitiveType": "number"
            },
            "name": "derivedIndexId"
          },
          {
            "dataType": {
              "isArr": false,
              "customType": "",
              "reference": "",
              "enum": [],
              "primitiveType": "string"
            },
            "name": "derivedIndexName"
          },
          {
            "dataType": {
              "isArr": false,
              "customType": "",
              "reference": "",
              "enum": [],
              "primitiveType": "string"
            },
            "name": "derivedIndexNameCn"
          },
          {
            "dataType": {
              "isArr": false,
              "customType": "",
              "reference": "",
              "enum": [],
              "primitiveType": "string"
            },
            "name": "dimId"
          },
          {
            "dataType": {
              "isArr": false,
              "customType": "",
              "reference": "",
              "enum": [],
              "primitiveType": "string"
            },
            "name": "dimensionName"
          },
          {
            "dataType": {
              "isArr": false,
              "customType": "",
              "reference": "",
              "enum": [],
              "primitiveType": "string"
            },
            "name": "ds"
          },
          {
            "dataType": {
              "isArr": false,
              "customType": "",
              "reference": "",
              "enum": [],
              "primitiveType": "number"
            },
            "name": "id"
          },
          {
            "dataType": {
              "isArr": false,
              "customType": "",
              "reference": "",
              "enum": [],
              "primitiveType": "string"
            },
            "name": "isSubscription"
          },
          {
            "dataType": {
              "isArr": false,
              "customType": "",
              "reference": "",
              "enum": [],
              "primitiveType": "string"
            },
            "name": "queryResult"
          },
          {
            "dataType": {
              "isArr": false,
              "customType": "",
              "reference": "",
              "enum": [],
              "primitiveType": "string"
            },
            "name": "queryWord"
          },
          {
            "dataType": {
              "isArr": false,
              "customType": "",
              "reference": "",
              "enum": [],
              "primitiveType": "string"
            },
            "name": "relativeIndexNameCn"
          },
          {
            "dataType": {
              "isArr": false,
              "customType": "",
              "reference": "",
              "enum": [],
              "primitiveType": "string"
            },
            "name": "sourceLogicTabelName"
          },
          {
            "dataType": {
              "isArr": false,
              "customType": "",
              "reference": "",
              "enum": [],
              "primitiveType": "string"
            },
            "name": "sql"
          },
          {
            "dataType": {
              "isArr": false,
              "customType": "",
              "reference": "",
              "enum": [],
              "primitiveType": "string"
            },
            "name": "startDate"
          },
          {
            "dataType": {
              "isArr": false,
              "customType": "",
              "reference": "",
              "enum": [],
              "primitiveType": "string"
            },
            "name": "taskId"
          },
          {
            "dataType": {
              "isArr": false,
              "customType": "",
              "reference": "",
              "enum": [],
              "primitiveType": "string"
            },
            "name": "timePeriodNameCn"
          },
          {
            "dataType": {
              "isArr": false,
              "customType": "",
              "reference": "",
              "enum": [],
              "primitiveType": "number"
            },
            "name": "type"
          },
          {
            "dataType": {
              "isArr": false,
              "customType": "",
              "reference": "",
              "enum": [],
              "primitiveType": "string"
            },
            "name": "userId"
          }
        ]
      },
      {
        "name": "StaffBO",
        "properties": [
          {
            "dataType": {
              "isArr": false,
              "customType": "",
              "reference": "",
              "enum": [],
              "primitiveType": "string"
            },
            "name": "sortMethod"
          },
          {
            "dataType": {
              "isArr": false,
              "customType": "",
              "reference": "",
              "enum": [],
              "primitiveType": "number"
            },
            "name": "userId"
          },
          {
            "dataType": {
              "isArr": false,
              "customType": "",
              "reference": "",
              "enum": [],
              "primitiveType": "string"
            },
            "name": "userNameCn"
          }
        ]
      },
      {
        "name": "SystemIndexBO",
        "properties": [
          {
            "dataType": {
              "isArr": false,
              "customType": "",
              "reference": "",
              "enum": [],
              "primitiveType": "string"
            },
            "name": "attributeValue"
          },
          {
            "dataType": {
              "isArr": true,
              "customType": "",
              "reference": "",
              "enum": []
            },
            "name": "granularity"
          },
          {
            "dataType": {
              "isArr": false,
              "customType": "",
              "reference": "",
              "enum": [],
              "primitiveType": "string"
            },
            "name": "indexNameAllCn"
          },
          {
            "dataType": {
              "isArr": false,
              "customType": "",
              "reference": "",
              "enum": [],
              "primitiveType": "string"
            },
            "name": "indexNameCn"
          },
          {
            "dataType": {
              "isArr": false,
              "customType": "",
              "reference": "",
              "enum": [],
              "primitiveType": "string"
            },
            "name": "sourceTable"
          }
        ]
      }
    ]
  }
]