{
  "name": "vscode-pont",
  "version": "1.0.3",
  "lockfileVersion": 1,
  "requires": true,
  "dependencies": {
    "@tootallnate/once": {
      "version": "1.1.2",
      "resolved": "https://registry.npm.taobao.org/@tootallnate/once/download/@tootallnate/once-1.1.2.tgz",
      "integrity": "sha1-zLkURTYBeaBOf+av94wA/8Hur4I=",
      "dev": true
    },
    "@types/blueimp-md5": {
      "version": "2.7.0",
      "resolved": "https://registry.npm.taobao.org/@types/blueimp-md5/download/@types/blueimp-md5-2.7.0.tgz",
      "integrity": "sha1-QEIigGgAR4yieC6K1GWQq6fxRic="
    },
    "@types/color-name": {
      "version": "1.1.1",
      "resolved": "https://registry.npm.taobao.org/@types/color-name/download/@types/color-name-1.1.1.tgz?cache=0&sync_timestamp=1596837531904&other_urls=https%3A%2F%2Fregistry.npm.taobao.org%2F%40types%2Fcolor-name%2Fdownload%2F%40types%2Fcolor-name-1.1.1.tgz",
      "integrity": "sha1-HBJhu+qhCoBVu8XYq4S3sq/IRqA="
    },
    "@types/fs-extra": {
      "version": "5.1.0",
      "resolved": "https://registry.npm.taobao.org/@types/fs-extra/download/@types/fs-extra-5.1.0.tgz",
      "integrity": "sha1-KjJe+XkBUEo4KHGMOQ00uEJqEKE=",
      "requires": {
        "@types/node": "*"
      }
    },
    "@types/node": {
      "version": "14.6.4",
      "resolved": "https://registry.npm.taobao.org/@types/node/download/@types/node-14.6.4.tgz?cache=0&sync_timestamp=1599169585298&other_urls=https%3A%2F%2Fregistry.npm.taobao.org%2F%40types%2Fnode%2Fdownload%2F%40types%2Fnode-14.6.4.tgz",
      "integrity": "sha1-oUXMC7FO+cR3c2G3u6+lz446y1o="
    },
    "agent-base": {
      "version": "6.0.1",
      "resolved": "https://registry.npm.taobao.org/agent-base/download/agent-base-6.0.1.tgz?cache=0&sync_timestamp=1593732657198&other_urls=https%3A%2F%2Fregistry.npm.taobao.org%2Fagent-base%2Fdownload%2Fagent-base-6.0.1.tgz",
      "integrity": "sha1-gIAH5OWGfeywq2qy+Sj721pZbbQ=",
      "dev": true,
      "requires": {
        "debug": "4"
      }
    },
    "ansi-escapes": {
      "version": "4.3.1",
      "resolved": "https://registry.npm.taobao.org/ansi-escapes/download/ansi-escapes-4.3.1.tgz",
      "integrity": "sha1-pcR8xDGB8fOP/XB2g3cA05VSKmE=",
      "requires": {
        "type-fest": "^0.11.0"
      }
    },
    "ansi-regex": {
      "version": "5.0.0",
      "resolved": "https://registry.npm.taobao.org/ansi-regex/download/ansi-regex-5.0.0.tgz",
      "integrity": "sha1-OIU59VF5vzkznIGvMKZU1p+Hy3U="
    },
    "ansi-styles": {
      "version": "3.2.1",
      "resolved": "https://registry.npm.taobao.org/ansi-styles/download/ansi-styles-3.2.1.tgz",
      "integrity": "sha1-QfuyAkPlCxK+DwS43tvwdSDOhB0=",
      "requires": {
        "color-convert": "^1.9.0"
      }
    },
    "argparse": {
      "version": "1.0.10",
      "resolved": "https://registry.npm.taobao.org/argparse/download/argparse-1.0.10.tgz",
      "integrity": "sha1-vNZ5HqWuCXJeF+WtmIE0zUCz2RE=",
      "dev": true,
      "requires": {
        "sprintf-js": "~1.0.2"
      }
    },
    "azure-devops-node-api": {
      "version": "7.2.0",
      "resolved": "https://registry.npm.taobao.org/azure-devops-node-api/download/azure-devops-node-api-7.2.0.tgz",
      "integrity": "sha1-Ex1OAc8S68bkVWm14MXCSeQRTW0=",
      "dev": true,
      "requires": {
        "os": "0.1.1",
        "tunnel": "0.0.4",
        "typed-rest-client": "1.2.0",
        "underscore": "1.8.3"
      }
    },
    "balanced-match": {
      "version": "1.0.0",
      "resolved": "https://registry.npm.taobao.org/balanced-match/download/balanced-match-1.0.0.tgz",
      "integrity": "sha1-ibTRmasr7kneFk6gK4nORi1xt2c=",
      "dev": true
    },
    "blueimp-md5": {
      "version": "2.18.0",
      "resolved": "https://registry.npm.taobao.org/blueimp-md5/download/blueimp-md5-2.18.0.tgz?cache=0&sync_timestamp=1599372052582&other_urls=https%3A%2F%2Fregistry.npm.taobao.org%2Fblueimp-md5%2Fdownload%2Fblueimp-md5-2.18.0.tgz",
      "integrity": "sha1-EVK+EzXwxrORHtnjbbVPPmrFKTU="
    },
    "boolbase": {
      "version": "1.0.0",
      "resolved": "https://registry.npm.taobao.org/boolbase/download/boolbase-1.0.0.tgz",
      "integrity": "sha1-aN/1++YMUes3cl6p4+0xDcwed24=",
      "dev": true
    },
    "brace-expansion": {
      "version": "1.1.11",
      "resolved": "https://registry.npm.taobao.org/brace-expansion/download/brace-expansion-1.1.11.tgz",
      "integrity": "sha1-PH/L9SnYcibz0vUrlm/1Jx60Qd0=",
      "dev": true,
      "requires": {
        "balanced-match": "^1.0.0",
        "concat-map": "0.0.1"
      }
    },
    "browser-stdout": {
      "version": "1.3.1",
      "resolved": "https://registry.npm.taobao.org/browser-stdout/download/browser-stdout-1.3.1.tgz",
      "integrity": "sha1-uqVZ7hTO1zRSIputcyZGfGH6vWA=",
      "dev": true
    },
    "buffer-crc32": {
      "version": "0.2.13",
      "resolved": "https://registry.npm.taobao.org/buffer-crc32/download/buffer-crc32-0.2.13.tgz",
      "integrity": "sha1-DTM+PwDqxQqhRUq9MO+MKl2ackI=",
      "dev": true
    },
    "buffer-from": {
      "version": "1.1.1",
      "resolved": "https://registry.npm.taobao.org/buffer-from/download/buffer-from-1.1.1.tgz",
      "integrity": "sha1-MnE7wCj3XAL9txDXx7zsHyxgcO8=",
      "dev": true
    },
    "chalk": {
      "version": "2.4.2",
      "resolved": "https://registry.npm.taobao.org/chalk/download/chalk-2.4.2.tgz?cache=0&sync_timestamp=1591687076871&other_urls=https%3A%2F%2Fregistry.npm.taobao.org%2Fchalk%2Fdownload%2Fchalk-2.4.2.tgz",
      "integrity": "sha1-zUJUFnelQzPPVBpJEIwUMrRMlCQ=",
      "requires": {
        "ansi-styles": "^3.2.1",
        "escape-string-regexp": "^1.0.5",
        "supports-color": "^5.3.0"
      }
    },
    "chardet": {
      "version": "0.7.0",
      "resolved": "https://registry.npm.taobao.org/chardet/download/chardet-0.7.0.tgz?cache=0&sync_timestamp=1594010660915&other_urls=https%3A%2F%2Fregistry.npm.taobao.org%2Fchardet%2Fdownload%2Fchardet-0.7.0.tgz",
      "integrity": "sha1-kAlISfCTfy7twkJdDSip5fDLrZ4="
    },
    "cheerio": {
      "version": "1.0.0-rc.3",
      "resolved": "https://registry.npm.taobao.org/cheerio/download/cheerio-1.0.0-rc.3.tgz",
      "integrity": "sha1-CUY21CWy6cD065GkbAVjDJoai/Y=",
      "dev": true,
      "requires": {
        "css-select": "~1.2.0",
        "dom-serializer": "~0.1.1",
        "entities": "~1.1.1",
        "htmlparser2": "^3.9.1",
        "lodash": "^4.15.0",
        "parse5": "^3.0.1"
      }
    },
    "cli-cursor": {
      "version": "3.1.0",
      "resolved": "https://registry.npm.taobao.org/cli-cursor/download/cli-cursor-3.1.0.tgz",
      "integrity": "sha1-JkMFp65JDR0Dvwybp8kl0XU68wc=",
      "requires": {
        "restore-cursor": "^3.1.0"
      }
    },
    "cli-width": {
      "version": "3.0.0",
      "resolved": "https://registry.npm.taobao.org/cli-width/download/cli-width-3.0.0.tgz",
      "integrity": "sha1-ovSEN6LKqaIkNueUvwceyeYc7fY="
    },
    "color-convert": {
      "version": "1.9.3",
      "resolved": "https://registry.npm.taobao.org/color-convert/download/color-convert-1.9.3.tgz",
      "integrity": "sha1-u3GFBpDh8TZWfeYp0tVHHe2kweg=",
      "requires": {
        "color-name": "1.1.3"
      }
    },
    "color-name": {
      "version": "1.1.3",
      "resolved": "https://registry.npm.taobao.org/color-name/download/color-name-1.1.3.tgz",
      "integrity": "sha1-p9BVi9icQveV3UIyj3QIMcpTvCU="
    },
    "commander": {
      "version": "6.1.0",
      "resolved": "https://registry.npm.taobao.org/commander/download/commander-6.1.0.tgz?cache=0&sync_timestamp=1598576199613&other_urls=https%3A%2F%2Fregistry.npm.taobao.org%2Fcommander%2Fdownload%2Fcommander-6.1.0.tgz",
      "integrity": "sha1-+Ncit4EDFBAGtm9Me6HpcxW6dbw="
    },
    "concat-map": {
      "version": "0.0.1",
      "resolved": "https://registry.npm.taobao.org/concat-map/download/concat-map-0.0.1.tgz",
      "integrity": "sha1-2Klr13/Wjfd5OnMDajug1UBdR3s=",
      "dev": true
    },
    "cors": {
      "version": "2.8.5",
      "resolved": "https://registry.npm.taobao.org/cors/download/cors-2.8.5.tgz",
      "integrity": "sha1-6sEdpRWS3Ya58G9uesKTs9+HXSk=",
      "requires": {
        "object-assign": "^4",
        "vary": "^1"
      }
    },
    "css-select": {
      "version": "1.2.0",
      "resolved": "https://registry.npm.taobao.org/css-select/download/css-select-1.2.0.tgz?cache=0&sync_timestamp=1573342118933&other_urls=https%3A%2F%2Fregistry.npm.taobao.org%2Fcss-select%2Fdownload%2Fcss-select-1.2.0.tgz",
      "integrity": "sha1-KzoRBTnFNV8c2NMUYj6HCxIeyFg=",
      "dev": true,
      "requires": {
        "boolbase": "~1.0.0",
        "css-what": "2.1",
        "domutils": "1.5.1",
        "nth-check": "~1.0.1"
      }
    },
    "css-what": {
      "version": "2.1.3",
      "resolved": "https://registry.npm.taobao.org/css-what/download/css-what-2.1.3.tgz?cache=0&sync_timestamp=1590961405812&other_urls=https%3A%2F%2Fregistry.npm.taobao.org%2Fcss-what%2Fdownload%2Fcss-what-2.1.3.tgz",
      "integrity": "sha1-ptdgRXM2X+dGhsPzEcVlE9iChfI=",
      "dev": true
    },
    "debug": {
      "version": "4.1.1",
      "resolved": "https://registry.npm.taobao.org/debug/download/debug-4.1.1.tgz",
      "integrity": "sha1-O3ImAlUQnGtYnO4FDx1RYTlmR5E=",
      "dev": true,
      "requires": {
        "ms": "^2.1.1"
      }
    },
    "denodeify": {
      "version": "1.2.1",
      "resolved": "https://registry.npm.taobao.org/denodeify/download/denodeify-1.2.1.tgz",
      "integrity": "sha1-OjYof1A05pnnV3kBBSwubJQlFjE=",
      "dev": true
    },
    "diff": {
      "version": "3.5.0",
      "resolved": "https://registry.npm.taobao.org/diff/download/diff-3.5.0.tgz?cache=0&sync_timestamp=1578890988059&other_urls=https%3A%2F%2Fregistry.npm.taobao.org%2Fdiff%2Fdownload%2Fdiff-3.5.0.tgz",
      "integrity": "sha1-gAwN0eCov7yVg1wgKtIg/jF+WhI=",
      "dev": true
    },
    "dom-serializer": {
      "version": "0.1.1",
      "resolved": "https://registry.npm.taobao.org/dom-serializer/download/dom-serializer-0.1.1.tgz?cache=0&sync_timestamp=1589067464639&other_urls=https%3A%2F%2Fregistry.npm.taobao.org%2Fdom-serializer%2Fdownload%2Fdom-serializer-0.1.1.tgz",
      "integrity": "sha1-HsQFnihLq+027sKUHUqXChic58A=",
      "dev": true,
      "requires": {
        "domelementtype": "^1.3.0",
        "entities": "^1.1.1"
      }
    },
    "domelementtype": {
      "version": "1.3.1",
      "resolved": "https://registry.npm.taobao.org/domelementtype/download/domelementtype-1.3.1.tgz",
      "integrity": "sha1-0EjESzew0Qp/Kj1f7j9DM9eQSB8=",
      "dev": true
    },
    "domhandler": {
      "version": "2.4.2",
      "resolved": "https://registry.npm.taobao.org/domhandler/download/domhandler-2.4.2.tgz",
      "integrity": "sha1-iAUJfpM9ZehVRvcm1g9euItE+AM=",
      "dev": true,
      "requires": {
        "domelementtype": "1"
      }
    },
    "domutils": {
      "version": "1.5.1",
      "resolved": "https://registry.npm.taobao.org/domutils/download/domutils-1.5.1.tgz?cache=0&sync_timestamp=1597680507221&other_urls=https%3A%2F%2Fregistry.npm.taobao.org%2Fdomutils%2Fdownload%2Fdomutils-1.5.1.tgz",
      "integrity": "sha1-3NhIiib1Y9YQeeSMn3t+Mjc2gs8=",
      "dev": true,
      "requires": {
        "dom-serializer": "0",
        "domelementtype": "1"
      }
    },
    "emoji-regex": {
      "version": "8.0.0",
      "resolved": "https://registry.npm.taobao.org/emoji-regex/download/emoji-regex-8.0.0.tgz",
      "integrity": "sha1-6Bj9ac5cz8tARZT4QpY79TFkzDc="
    },
    "encoding": {
      "version": "0.1.13",
      "resolved": "https://registry.npm.taobao.org/encoding/download/encoding-0.1.13.tgz?cache=0&sync_timestamp=1594362934545&other_urls=https%3A%2F%2Fregistry.npm.taobao.org%2Fencoding%2Fdownload%2Fencoding-0.1.13.tgz",
      "integrity": "sha1-VldK/deR9UqOmyeFwFgqLSYhD6k=",
      "requires": {
        "iconv-lite": "^0.6.2"
      },
      "dependencies": {
        "iconv-lite": {
          "version": "0.6.2",
          "resolved": "https://registry.npm.taobao.org/iconv-lite/download/iconv-lite-0.6.2.tgz",
          "integrity": "sha1-zhPRh1sMOmdL1qBLf3awGxtt7QE=",
          "requires": {
            "safer-buffer": ">= 2.1.2 < 3.0.0"
          }
        }
      }
    },
    "entities": {
      "version": "1.1.2",
      "resolved": "https://registry.npm.taobao.org/entities/download/entities-1.1.2.tgz?cache=0&sync_timestamp=1591227405887&other_urls=https%3A%2F%2Fregistry.npm.taobao.org%2Fentities%2Fdownload%2Fentities-1.1.2.tgz",
      "integrity": "sha1-vfpzUplmTfr9NFKe1PhSKidf6lY=",
      "dev": true
    },
    "es6-promise": {
      "version": "4.2.8",
      "resolved": "https://registry.npm.taobao.org/es6-promise/download/es6-promise-4.2.8.tgz",
      "integrity": "sha1-TrIVlMlyvEBVPSduUQU5FD21Pgo=",
      "dev": true
    },
    "es6-promisify": {
      "version": "5.0.0",
      "resolved": "https://registry.npm.taobao.org/es6-promisify/download/es6-promisify-5.0.0.tgz?cache=0&sync_timestamp=1588607917885&other_urls=https%3A%2F%2Fregistry.npm.taobao.org%2Fes6-promisify%2Fdownload%2Fes6-promisify-5.0.0.tgz",
      "integrity": "sha1-UQnWLz5W6pZ8S2NQWu8IKRyKUgM=",
      "dev": true,
      "requires": {
        "es6-promise": "^4.0.3"
      }
    },
    "escape-string-regexp": {
      "version": "1.0.5",
      "resolved": "https://registry.npm.taobao.org/escape-string-regexp/download/escape-string-regexp-1.0.5.tgz?cache=0&sync_timestamp=1587627107924&other_urls=https%3A%2F%2Fregistry.npm.taobao.org%2Fescape-string-regexp%2Fdownload%2Fescape-string-regexp-1.0.5.tgz",
      "integrity": "sha1-G2HAViGQqN/2rjuyzwIAyhMLhtQ="
    },
    "external-editor": {
      "version": "3.1.0",
      "resolved": "https://registry.npm.taobao.org/external-editor/download/external-editor-3.1.0.tgz",
      "integrity": "sha1-ywP3QL764D6k0oPK7SdBqD8zVJU=",
      "requires": {
        "chardet": "^0.7.0",
        "iconv-lite": "^0.4.24",
        "tmp": "^0.0.33"
      }
    },
    "fd-slicer": {
      "version": "1.1.0",
      "resolved": "https://registry.npm.taobao.org/fd-slicer/download/fd-slicer-1.1.0.tgz",
      "integrity": "sha1-JcfInLH5B3+IkbvmHY85Dq4lbx4=",
      "dev": true,
      "requires": {
        "pend": "~1.2.0"
      }
    },
    "figures": {
      "version": "3.2.0",
      "resolved": "https://registry.npm.taobao.org/figures/download/figures-3.2.0.tgz?cache=0&sync_timestamp=1581865437156&other_urls=https%3A%2F%2Fregistry.npm.taobao.org%2Ffigures%2Fdownload%2Ffigures-3.2.0.tgz",
      "integrity": "sha1-YlwYvSk8YE3EqN2y/r8MiDQXRq8=",
      "requires": {
        "escape-string-regexp": "^1.0.5"
      }
    },
    "fs-extra": {
      "version": "7.0.1",
      "resolved": "https://registry.npm.taobao.org/fs-extra/download/fs-extra-7.0.1.tgz",
      "integrity": "sha1-TxicRKoSO4lfcigE9V6iPq3DSOk=",
      "requires": {
        "graceful-fs": "^4.1.2",
        "jsonfile": "^4.0.0",
        "universalify": "^0.1.0"
      }
    },
    "fs.realpath": {
      "version": "1.0.0",
      "resolved": "https://registry.npm.taobao.org/fs.realpath/download/fs.realpath-1.0.0.tgz",
      "integrity": "sha1-FQStJSMVjKpA20onh8sBQRmU6k8=",
      "dev": true
    },
    "glob": {
      "version": "7.1.6",
      "resolved": "https://registry.npm.taobao.org/glob/download/glob-7.1.6.tgz",
      "integrity": "sha1-FB8zuBp8JJLhJVlDB0gMRmeSeKY=",
      "dev": true,
      "requires": {
        "fs.realpath": "^1.0.0",
        "inflight": "^1.0.4",
        "inherits": "2",
        "minimatch": "^3.0.4",
        "once": "^1.3.0",
        "path-is-absolute": "^1.0.0"
      }
    },
    "graceful-fs": {
      "version": "4.2.4",
      "resolved": "https://registry.npm.taobao.org/graceful-fs/download/graceful-fs-4.2.4.tgz?cache=0&sync_timestamp=1588086876757&other_urls=https%3A%2F%2Fregistry.npm.taobao.org%2Fgraceful-fs%2Fdownload%2Fgraceful-fs-4.2.4.tgz",
      "integrity": "sha1-Ila94U02MpWMRl68ltxGfKB6Kfs="
    },
    "growl": {
      "version": "1.10.5",
      "resolved": "https://registry.npm.taobao.org/growl/download/growl-1.10.5.tgz",
      "integrity": "sha1-8nNdwig2dPpnR4sQGBBZNVw2nl4=",
      "dev": true
    },
    "has-flag": {
      "version": "3.0.0",
      "resolved": "https://registry.npm.taobao.org/has-flag/download/has-flag-3.0.0.tgz",
      "integrity": "sha1-tdRU3CGZriJWmfNGfloH87lVuv0="
    },
    "he": {
      "version": "1.1.1",
      "resolved": "https://registry.npm.taobao.org/he/download/he-1.1.1.tgz",
      "integrity": "sha1-k0EP0hsAlzUVH4howvJx80J+I/0=",
      "dev": true
    },
    "htmlparser2": {
      "version": "3.10.1",
      "resolved": "https://registry.npm.taobao.org/htmlparser2/download/htmlparser2-3.10.1.tgz?cache=0&other_urls=https%3A%2F%2Fregistry.npm.taobao.org%2Fhtmlparser2%2Fdownload%2Fhtmlparser2-3.10.1.tgz",
      "integrity": "sha1-vWedw/WYl7ajS7EHSchVu1OpOS8=",
      "dev": true,
      "requires": {
        "domelementtype": "^1.3.1",
        "domhandler": "^2.3.0",
        "domutils": "^1.5.1",
        "entities": "^1.1.1",
        "inherits": "^2.0.1",
        "readable-stream": "^3.1.1"
      }
    },
    "http-proxy-agent": {
      "version": "4.0.1",
      "resolved": "https://registry.npm.taobao.org/http-proxy-agent/download/http-proxy-agent-4.0.1.tgz?cache=0&sync_timestamp=1581207821299&other_urls=https%3A%2F%2Fregistry.npm.taobao.org%2Fhttp-proxy-agent%2Fdownload%2Fhttp-proxy-agent-4.0.1.tgz",
      "integrity": "sha1-ioyO9/WTLM+VPClsqCkblap0qjo=",
      "dev": true,
      "requires": {
        "@tootallnate/once": "1",
        "agent-base": "6",
        "debug": "4"
      }
    },
    "https-proxy-agent": {
      "version": "5.0.0",
      "resolved": "https://registry.npm.taobao.org/https-proxy-agent/download/https-proxy-agent-5.0.0.tgz?cache=0&other_urls=https%3A%2F%2Fregistry.npm.taobao.org%2Fhttps-proxy-agent%2Fdownload%2Fhttps-proxy-agent-5.0.0.tgz",
      "integrity": "sha1-4qkFQqu2inYuCghQ9sntrf2FBrI=",
      "dev": true,
      "requires": {
        "agent-base": "6",
        "debug": "4"
      }
    },
    "iconv-lite": {
      "version": "0.4.24",
      "resolved": "https://registry.npm.taobao.org/iconv-lite/download/iconv-lite-0.4.24.tgz",
      "integrity": "sha1-ICK0sl+93CHS9SSXSkdKr+czkIs=",
      "requires": {
        "safer-buffer": ">= 2.1.2 < 3"
      }
    },
    "inflight": {
      "version": "1.0.6",
      "resolved": "https://registry.npm.taobao.org/inflight/download/inflight-1.0.6.tgz",
      "integrity": "sha1-Sb1jMdfQLQwJvJEKEHW6gWW1bfk=",
      "dev": true,
      "requires": {
        "once": "^1.3.0",
        "wrappy": "1"
      }
    },
    "inherits": {
      "version": "2.0.4",
      "resolved": "https://registry.npm.taobao.org/inherits/download/inherits-2.0.4.tgz",
      "integrity": "sha1-D6LGT5MpF8NDOg3tVTY6rjdBa3w=",
      "dev": true
    },
    "inquirer": {
      "version": "7.3.3",
      "resolved": "https://registry.npm.taobao.org/inquirer/download/inquirer-7.3.3.tgz?cache=0&sync_timestamp=1595471601345&other_urls=https%3A%2F%2Fregistry.npm.taobao.org%2Finquirer%2Fdownload%2Finquirer-7.3.3.tgz",
      "integrity": "sha1-BNF2sq8Er8FXqD/XwQDpjuCq0AM=",
      "requires": {
        "ansi-escapes": "^4.2.1",
        "chalk": "^4.1.0",
        "cli-cursor": "^3.1.0",
        "cli-width": "^3.0.0",
        "external-editor": "^3.0.3",
        "figures": "^3.0.0",
        "lodash": "^4.17.19",
        "mute-stream": "0.0.8",
        "run-async": "^2.4.0",
        "rxjs": "^6.6.0",
        "string-width": "^4.1.0",
        "strip-ansi": "^6.0.0",
        "through": "^2.3.6"
      },
      "dependencies": {
        "ansi-styles": {
          "version": "4.2.1",
          "resolved": "https://registry.npm.taobao.org/ansi-styles/download/ansi-styles-4.2.1.tgz",
          "integrity": "sha1-kK51xCTQCNJiTFvynq0xd+v881k=",
          "requires": {
            "@types/color-name": "^1.1.1",
            "color-convert": "^2.0.1"
          }
        },
        "chalk": {
          "version": "4.1.0",
          "resolved": "https://registry.npm.taobao.org/chalk/download/chalk-4.1.0.tgz?cache=0&sync_timestamp=1591687076871&other_urls=https%3A%2F%2Fregistry.npm.taobao.org%2Fchalk%2Fdownload%2Fchalk-4.1.0.tgz",
          "integrity": "sha1-ThSHCmGNni7dl92DRf2dncMVZGo=",
          "requires": {
            "ansi-styles": "^4.1.0",
            "supports-color": "^7.1.0"
          }
        },
        "color-convert": {
          "version": "2.0.1",
          "resolved": "https://registry.npm.taobao.org/color-convert/download/color-convert-2.0.1.tgz",
          "integrity": "sha1-ctOmjVmMm9s68q0ehPIdiWq9TeM=",
          "requires": {
            "color-name": "~1.1.4"
          }
        },
        "color-name": {
          "version": "1.1.4",
          "resolved": "https://registry.npm.taobao.org/color-name/download/color-name-1.1.4.tgz",
          "integrity": "sha1-wqCah6y95pVD3m9j+jmVyCbFNqI="
        },
        "has-flag": {
          "version": "4.0.0",
          "resolved": "https://registry.npm.taobao.org/has-flag/download/has-flag-4.0.0.tgz",
          "integrity": "sha1-lEdx/ZyByBJlxNaUGGDaBrtZR5s="
        },
        "supports-color": {
          "version": "7.2.0",
          "resolved": "https://registry.npm.taobao.org/supports-color/download/supports-color-7.2.0.tgz?cache=0&sync_timestamp=1598611771865&other_urls=https%3A%2F%2Fregistry.npm.taobao.org%2Fsupports-color%2Fdownload%2Fsupports-color-7.2.0.tgz",
          "integrity": "sha1-G33NyzK4E4gBs+R4umpRyqiWSNo=",
          "requires": {
            "has-flag": "^4.0.0"
          }
        }
      }
    },
    "is-fullwidth-code-point": {
      "version": "3.0.0",
      "resolved": "https://registry.npm.taobao.org/is-fullwidth-code-point/download/is-fullwidth-code-point-3.0.0.tgz",
      "integrity": "sha1-8Rb4Bk/pCz94RKOJl8C3UFEmnx0="
    },
    "is-stream": {
      "version": "1.1.0",
      "resolved": "https://registry.npm.taobao.org/is-stream/download/is-stream-1.1.0.tgz",
      "integrity": "sha1-EtSj3U5o4Lec6428hBc66A2RykQ="
    },
    "jsonfile": {
      "version": "4.0.0",
      "resolved": "https://registry.npm.taobao.org/jsonfile/download/jsonfile-4.0.0.tgz",
      "integrity": "sha1-h3Gq4HmbZAdrdmQPygWPnBDjPss=",
      "requires": {
        "graceful-fs": "^4.1.6"
      }
    },
    "leven": {
      "version": "3.1.0",
      "resolved": "https://registry.npm.taobao.org/leven/download/leven-3.1.0.tgz",
      "integrity": "sha1-d4kd6DQGTMy6gq54QrtrFKE+1/I=",
      "dev": true
    },
    "linkify-it": {
      "version": "2.2.0",
      "resolved": "https://registry.npm.taobao.org/linkify-it/download/linkify-it-2.2.0.tgz",
      "integrity": "sha1-47VGl+eL+RXHCjis14/QngBYsc8=",
      "dev": true,
      "requires": {
        "uc.micro": "^1.0.1"
      }
    },
    "lodash": {
      "version": "4.17.20",
      "resolved": "https://registry.npm.taobao.org/lodash/download/lodash-4.17.20.tgz?cache=0&sync_timestamp=1597336053864&other_urls=https%3A%2F%2Fregistry.npm.taobao.org%2Flodash%2Fdownload%2Flodash-4.17.20.tgz",
      "integrity": "sha1-tEqbYpe8tpjxxRo1RaKzs2jVnFI="
    },
    "markdown-it": {
      "version": "10.0.0",
      "resolved": "https://registry.npm.taobao.org/markdown-it/download/markdown-it-10.0.0.tgz",
      "integrity": "sha1-q/xk8UGxci1mNAIETkOSfx9QqNw=",
      "dev": true,
      "requires": {
        "argparse": "^1.0.7",
        "entities": "~2.0.0",
        "linkify-it": "^2.0.0",
        "mdurl": "^1.0.1",
        "uc.micro": "^1.0.5"
      },
      "dependencies": {
        "entities": {
          "version": "2.0.3",
          "resolved": "https://registry.npm.taobao.org/entities/download/entities-2.0.3.tgz?cache=0&sync_timestamp=1591227405887&other_urls=https%3A%2F%2Fregistry.npm.taobao.org%2Fentities%2Fdownload%2Fentities-2.0.3.tgz",
          "integrity": "sha1-XEh+V0Krk8Fau12iJ1m4WQ7AO38=",
          "dev": true
        }
      }
    },
    "mdurl": {
      "version": "1.0.1",
      "resolved": "https://registry.npm.taobao.org/mdurl/download/mdurl-1.0.1.tgz",
      "integrity": "sha1-/oWy7HWlkDfyrf7BAP1sYBdhFS4=",
      "dev": true
    },
    "mime": {
      "version": "1.6.0",
      "resolved": "https://registry.npm.taobao.org/mime/download/mime-1.6.0.tgz",
      "integrity": "sha1-Ms2eXGRVO9WNGaVor0Uqz/BJgbE=",
      "dev": true
    },
    "mimic-fn": {
      "version": "2.1.0",
      "resolved": "https://registry.npm.taobao.org/mimic-fn/download/mimic-fn-2.1.0.tgz?cache=0&sync_timestamp=1596095644798&other_urls=https%3A%2F%2Fregistry.npm.taobao.org%2Fmimic-fn%2Fdownload%2Fmimic-fn-2.1.0.tgz",
      "integrity": "sha1-ftLCzMyvhNP/y3pptXcR/CCDQBs="
    },
    "minimatch": {
      "version": "3.0.4",
      "resolved": "https://registry.npm.taobao.org/minimatch/download/minimatch-3.0.4.tgz",
      "integrity": "sha1-UWbihkV/AzBgZL5Ul+jbsMPTIIM=",
      "dev": true,
      "requires": {
        "brace-expansion": "^1.1.7"
      }
    },
    "minimist": {
      "version": "0.0.8",
      "resolved": "https://registry.npm.taobao.org/minimist/download/minimist-0.0.8.tgz",
      "integrity": "sha1-hX/Kv8M5fSYluCKCYuhqp6ARsF0=",
      "dev": true
    },
    "mkdirp": {
      "version": "0.5.1",
      "resolved": "https://registry.npm.taobao.org/mkdirp/download/mkdirp-0.5.1.tgz?cache=0&sync_timestamp=1587535418745&other_urls=https%3A%2F%2Fregistry.npm.taobao.org%2Fmkdirp%2Fdownload%2Fmkdirp-0.5.1.tgz",
      "integrity": "sha1-MAV0OOrGz3+MR2fzhkjWaX11yQM=",
      "dev": true,
      "requires": {
        "minimist": "0.0.8"
      }
    },
    "mocha": {
      "version": "5.2.0",
      "resolved": "https://registry.npm.taobao.org/mocha/download/mocha-5.2.0.tgz",
      "integrity": "sha1-bYrlCPWRZ/lA8rWzxKYSrlDJCuY=",
      "dev": true,
      "requires": {
        "browser-stdout": "1.3.1",
        "commander": "2.15.1",
        "debug": "3.1.0",
        "diff": "3.5.0",
        "escape-string-regexp": "1.0.5",
        "glob": "7.1.2",
        "growl": "1.10.5",
        "he": "1.1.1",
        "minimatch": "3.0.4",
        "mkdirp": "0.5.1",
        "supports-color": "5.4.0"
      },
      "dependencies": {
        "commander": {
          "version": "2.15.1",
          "resolved": "https://registry.npm.taobao.org/commander/download/commander-2.15.1.tgz?cache=0&sync_timestamp=1598576199613&other_urls=https%3A%2F%2Fregistry.npm.taobao.org%2Fcommander%2Fdownload%2Fcommander-2.15.1.tgz",
          "integrity": "sha1-30boZ9D8Kuxmo0ZitAapzK//Ww8=",
          "dev": true
        },
        "debug": {
          "version": "3.1.0",
          "resolved": "https://registry.npm.taobao.org/debug/download/debug-3.1.0.tgz",
          "integrity": "sha1-W7WgZyYotkFJVmuhaBnmFRjGcmE=",
          "dev": true,
          "requires": {
            "ms": "2.0.0"
          }
        },
        "glob": {
          "version": "7.1.2",
          "resolved": "https://registry.npm.taobao.org/glob/download/glob-7.1.2.tgz",
          "integrity": "sha1-wZyd+aAocC1nhhI4SmVSQExjbRU=",
          "dev": true,
          "requires": {
            "fs.realpath": "^1.0.0",
            "inflight": "^1.0.4",
            "inherits": "2",
            "minimatch": "^3.0.4",
            "once": "^1.3.0",
            "path-is-absolute": "^1.0.0"
          }
        },
        "ms": {
          "version": "2.0.0",
          "resolved": "https://registry.npm.taobao.org/ms/download/ms-2.0.0.tgz",
          "integrity": "sha1-VgiurfwAvmwpAd9fmGF4jeDVl8g=",
          "dev": true
        },
        "supports-color": {
          "version": "5.4.0",
          "resolved": "https://registry.npm.taobao.org/supports-color/download/supports-color-5.4.0.tgz?cache=0&sync_timestamp=1598611771865&other_urls=https%3A%2F%2Fregistry.npm.taobao.org%2Fsupports-color%2Fdownload%2Fsupports-color-5.4.0.tgz",
          "integrity": "sha1-HGszdALCE3YF7+GfEP7DkPb6q1Q=",
          "dev": true,
          "requires": {
            "has-flag": "^3.0.0"
          }
        }
      }
    },
    "mockjs": {
      "version": "1.1.0",
      "resolved": "https://registry.npm.taobao.org/mockjs/download/mockjs-1.1.0.tgz?cache=0&sync_timestamp=1571970335876&other_urls=https%3A%2F%2Fregistry.npm.taobao.org%2Fmockjs%2Fdownload%2Fmockjs-1.1.0.tgz",
      "integrity": "sha1-5qDDeOkZBtuv8gkRzAJzs8fXWwY=",
      "requires": {
        "commander": "*"
      }
    },
    "ms": {
      "version": "2.1.2",
      "resolved": "https://registry.npm.taobao.org/ms/download/ms-2.1.2.tgz",
      "integrity": "sha1-0J0fNXtEP0kzgqjrPM0YOHKuYAk=",
      "dev": true
    },
    "mute-stream": {
      "version": "0.0.8",
      "resolved": "https://registry.npm.taobao.org/mute-stream/download/mute-stream-0.0.8.tgz",
      "integrity": "sha1-FjDEKyJR/4HiooPelqVJfqkuXg0="
    },
    "node-fetch": {
      "version": "1.7.3",
      "resolved": "https://registry.npm.taobao.org/node-fetch/download/node-fetch-1.7.3.tgz?cache=0&sync_timestamp=1599309119313&other_urls=https%3A%2F%2Fregistry.npm.taobao.org%2Fnode-fetch%2Fdownload%2Fnode-fetch-1.7.3.tgz",
      "integrity": "sha1-mA9vcthSEaU0fGsrwYxbhMPrR+8=",
      "requires": {
        "encoding": "^0.1.11",
        "is-stream": "^1.0.1"
      }
    },
    "nth-check": {
      "version": "1.0.2",
      "resolved": "https://registry.npm.taobao.org/nth-check/download/nth-check-1.0.2.tgz",
      "integrity": "sha1-sr0pXDfj3VijvwcAN2Zjuk2c8Fw=",
      "dev": true,
      "requires": {
        "boolbase": "~1.0.0"
      }
    },
    "object-assign": {
      "version": "4.1.1",
      "resolved": "https://registry.npm.taobao.org/object-assign/download/object-assign-4.1.1.tgz",
      "integrity": "sha1-IQmtx5ZYh8/AXLvUQsrIv7s2CGM="
    },
    "once": {
      "version": "1.4.0",
      "resolved": "https://registry.npm.taobao.org/once/download/once-1.4.0.tgz",
      "integrity": "sha1-WDsap3WWHUsROsF9nFC6753Xa9E=",
      "dev": true,
      "requires": {
        "wrappy": "1"
      }
    },
    "onetime": {
      "version": "5.1.2",
      "resolved": "https://registry.npm.taobao.org/onetime/download/onetime-5.1.2.tgz?cache=0&sync_timestamp=1597003911641&other_urls=https%3A%2F%2Fregistry.npm.taobao.org%2Fonetime%2Fdownload%2Fonetime-5.1.2.tgz",
      "integrity": "sha1-0Oluu1awdHbfHdnEgG5SN5hcpF4=",
      "requires": {
        "mimic-fn": "^2.1.0"
      }
    },
    "os": {
      "version": "0.1.1",
      "resolved": "https://registry.npm.taobao.org/os/download/os-0.1.1.tgz",
      "integrity": "sha1-IIhF6J4ZOtTZcUdLk5R3NqVtE/M=",
      "dev": true
    },
    "os-homedir": {
      "version": "1.0.2",
      "resolved": "https://registry.npm.taobao.org/os-homedir/download/os-homedir-1.0.2.tgz",
      "integrity": "sha1-/7xJiDNuDoM94MFox+8VISGqf7M=",
      "dev": true
    },
    "os-tmpdir": {
      "version": "1.0.2",
      "resolved": "https://registry.npm.taobao.org/os-tmpdir/download/os-tmpdir-1.0.2.tgz",
      "integrity": "sha1-u+Z0BseaqFxc/sdm/lc0VV36EnQ="
    },
    "osenv": {
      "version": "0.1.5",
      "resolved": "https://registry.npm.taobao.org/osenv/download/osenv-0.1.5.tgz",
      "integrity": "sha1-hc36+uso6Gd/QW4odZK18/SepBA=",
      "dev": true,
      "requires": {
        "os-homedir": "^1.0.0",
        "os-tmpdir": "^1.0.0"
      }
    },
    "parse-semver": {
      "version": "1.1.1",
      "resolved": "https://registry.npm.taobao.org/parse-semver/download/parse-semver-1.1.1.tgz",
      "integrity": "sha1-mkr9bfBj3Egm+T+6SpnPIj9mbLg=",
      "dev": true,
      "requires": {
        "semver": "^5.1.0"
      }
    },
    "parse5": {
      "version": "3.0.3",
      "resolved": "https://registry.npm.taobao.org/parse5/download/parse5-3.0.3.tgz?cache=0&sync_timestamp=1595849246963&other_urls=https%3A%2F%2Fregistry.npm.taobao.org%2Fparse5%2Fdownload%2Fparse5-3.0.3.tgz",
      "integrity": "sha1-BC95L/3TaFFVHPTp4Gazh0q0W1w=",
      "dev": true,
      "requires": {
        "@types/node": "*"
      }
    },
    "path-is-absolute": {
      "version": "1.0.1",
      "resolved": "https://registry.npm.taobao.org/path-is-absolute/download/path-is-absolute-1.0.1.tgz",
      "integrity": "sha1-F0uSaHNVNP+8es5r9TpanhtcX18=",
      "dev": true
    },
    "pend": {
      "version": "1.2.0",
      "resolved": "https://registry.npm.taobao.org/pend/download/pend-1.2.0.tgz",
      "integrity": "sha1-elfrVQpng/kRUzH89GY9XI4AelA=",
      "dev": true
    },
    "pont-engine": {
      "version": "1.0.3",
      "resolved": "https://registry.npm.taobao.org/pont-engine/download/pont-engine-1.0.3.tgz?cache=0&sync_timestamp=1599208931989&other_urls=https%3A%2F%2Fregistry.npm.taobao.org%2Fpont-engine%2Fdownload%2Fpont-engine-1.0.3.tgz",
      "integrity": "sha1-ZKyvQu7gcrP1p9cHeYDZpeM+iJk=",
      "requires": {
        "chalk": "^2.3.0",
        "commander": "^2.19.0",
        "fs-extra": "^5.0.0",
        "inquirer": "^7.1.0",
        "lodash": "^4.17.5",
        "node-fetch": "^1.7.3",
        "prettier": "^1.19.1",
        "translation.js": "^0.7.5",
        "typescript": "^3.5.3"
      },
      "dependencies": {
        "commander": {
          "version": "2.20.3",
          "resolved": "https://registry.npm.taobao.org/commander/download/commander-2.20.3.tgz?cache=0&sync_timestamp=1598576199613&other_urls=https%3A%2F%2Fregistry.npm.taobao.org%2Fcommander%2Fdownload%2Fcommander-2.20.3.tgz",
          "integrity": "sha1-/UhehMA+tIgcIHIrpIA16FMa6zM="
        },
        "fs-extra": {
          "version": "5.0.0",
          "resolved": "https://registry.npm.taobao.org/fs-extra/download/fs-extra-5.0.0.tgz",
          "integrity": "sha1-QU0BEM3QZwVzTQVWUsVBEmDDGr0=",
          "requires": {
            "graceful-fs": "^4.1.2",
            "jsonfile": "^4.0.0",
            "universalify": "^0.1.0"
          }
        },
        "typescript": {
          "version": "3.9.7",
          "resolved": "https://registry.npm.taobao.org/typescript/download/typescript-3.9.7.tgz",
          "integrity": "sha1-mNYApevcOPQMsndSLxLcgA6eJfo="
        }
      }
    },
    "prettier": {
      "version": "1.19.1",
      "resolved": "https://registry.npm.taobao.org/prettier/download/prettier-1.19.1.tgz?cache=0&sync_timestamp=1598414052614&other_urls=https%3A%2F%2Fregistry.npm.taobao.org%2Fprettier%2Fdownload%2Fprettier-1.19.1.tgz",
      "integrity": "sha1-99f1/4qc2HKnvkyhQglZVqYHl8s="
    },
    "read": {
      "version": "1.0.7",
      "resolved": "https://registry.npm.taobao.org/read/download/read-1.0.7.tgz",
      "integrity": "sha1-s9oZvQUkMal2cdRKQmNK33ELQMQ=",
      "dev": true,
      "requires": {
        "mute-stream": "~0.0.4"
      }
    },
    "readable-stream": {
      "version": "3.6.0",
      "resolved": "https://registry.npm.taobao.org/readable-stream/download/readable-stream-3.6.0.tgz",
      "integrity": "sha1-M3u9o63AcGvT4CRCaihtS0sskZg=",
      "dev": true,
      "requires": {
        "inherits": "^2.0.3",
        "string_decoder": "^1.1.1",
        "util-deprecate": "^1.0.1"
      }
    },
    "restore-cursor": {
      "version": "3.1.0",
      "resolved": "https://registry.npm.taobao.org/restore-cursor/download/restore-cursor-3.1.0.tgz",
      "integrity": "sha1-OfZ8VLOnpYzqUjbZXPADQjljH34=",
      "requires": {
        "onetime": "^5.1.0",
        "signal-exit": "^3.0.2"
      }
    },
    "rimraf": {
      "version": "3.0.2",
      "resolved": "https://registry.npm.taobao.org/rimraf/download/rimraf-3.0.2.tgz",
      "integrity": "sha1-8aVAK6YiCtUswSgrrBrjqkn9Bho=",
      "dev": true,
      "requires": {
        "glob": "^7.1.3"
      }
    },
    "run-async": {
      "version": "2.4.1",
      "resolved": "https://registry.npm.taobao.org/run-async/download/run-async-2.4.1.tgz",
      "integrity": "sha1-hEDsz5nqPnC9QJ1JqriOEMGJpFU="
    },
    "rxjs": {
      "version": "6.6.3",
      "resolved": "https://registry.npm.taobao.org/rxjs/download/rxjs-6.6.3.tgz?cache=0&sync_timestamp=1599403258987&other_urls=https%3A%2F%2Fregistry.npm.taobao.org%2Frxjs%2Fdownload%2Frxjs-6.6.3.tgz",
      "integrity": "sha1-jKhGNcTaqQDA05Z6buesYCce5VI=",
      "requires": {
        "tslib": "^1.9.0"
      }
    },
    "safe-buffer": {
      "version": "5.2.1",
      "resolved": "https://registry.npm.taobao.org/safe-buffer/download/safe-buffer-5.2.1.tgz?cache=0&sync_timestamp=1589129103371&other_urls=https%3A%2F%2Fregistry.npm.taobao.org%2Fsafe-buffer%2Fdownload%2Fsafe-buffer-5.2.1.tgz",
      "integrity": "sha1-Hq+fqb2x/dTsdfWPnNtOa3gn7sY=",
      "dev": true
    },
    "safer-buffer": {
      "version": "2.1.2",
      "resolved": "https://registry.npm.taobao.org/safer-buffer/download/safer-buffer-2.1.2.tgz",
      "integrity": "sha1-RPoWGwGHuVSd2Eu5GAL5vYOFzWo="
    },
    "semver": {
      "version": "5.7.1",
      "resolved": "https://registry.npm.taobao.org/semver/download/semver-5.7.1.tgz?cache=0&sync_timestamp=1586886267748&other_urls=https%3A%2F%2Fregistry.npm.taobao.org%2Fsemver%2Fdownload%2Fsemver-5.7.1.tgz",
      "integrity": "sha1-qVT5Ma66UI0we78Gnv8MAclhFvc=",
      "dev": true
    },
    "signal-exit": {
      "version": "3.0.3",
      "resolved": "https://registry.npm.taobao.org/signal-exit/download/signal-exit-3.0.3.tgz",
      "integrity": "sha1-oUEMLt2PB3sItOJTyOrPyvBXRhw="
    },
    "source-map": {
      "version": "0.6.1",
      "resolved": "https://registry.npm.taobao.org/source-map/download/source-map-0.6.1.tgz",
      "integrity": "sha1-dHIq8y6WFOnCh6jQu95IteLxomM=",
      "dev": true
    },
    "source-map-support": {
      "version": "0.5.19",
      "resolved": "https://registry.npm.taobao.org/source-map-support/download/source-map-support-0.5.19.tgz?cache=0&sync_timestamp=1587719289626&other_urls=https%3A%2F%2Fregistry.npm.taobao.org%2Fsource-map-support%2Fdownload%2Fsource-map-support-0.5.19.tgz",
      "integrity": "sha1-qYti+G3K9PZzmWSMCFKRq56P7WE=",
      "dev": true,
      "requires": {
        "buffer-from": "^1.0.0",
        "source-map": "^0.6.0"
      }
    },
    "sprintf-js": {
      "version": "1.0.3",
      "resolved": "https://registry.npm.taobao.org/sprintf-js/download/sprintf-js-1.0.3.tgz",
      "integrity": "sha1-BOaSb2YolTVPPdAVIDYzuFcpfiw=",
      "dev": true
    },
    "string-width": {
      "version": "4.2.0",
      "resolved": "https://registry.npm.taobao.org/string-width/download/string-width-4.2.0.tgz?cache=0&other_urls=https%3A%2F%2Fregistry.npm.taobao.org%2Fstring-width%2Fdownload%2Fstring-width-4.2.0.tgz",
      "integrity": "sha1-lSGCxGzHssMT0VluYjmSvRY7crU=",
      "requires": {
        "emoji-regex": "^8.0.0",
        "is-fullwidth-code-point": "^3.0.0",
        "strip-ansi": "^6.0.0"
      }
    },
    "string_decoder": {
      "version": "1.3.0",
      "resolved": "https://registry.npm.taobao.org/string_decoder/download/string_decoder-1.3.0.tgz",
      "integrity": "sha1-QvEUWUpGzxqOMLCoT1bHjD7awh4=",
      "dev": true,
      "requires": {
        "safe-buffer": "~5.2.0"
      }
    },
    "strip-ansi": {
      "version": "6.0.0",
      "resolved": "https://registry.npm.taobao.org/strip-ansi/download/strip-ansi-6.0.0.tgz",
      "integrity": "sha1-CxVx3XZpzNTz4G4U7x7tJiJa5TI=",
      "requires": {
        "ansi-regex": "^5.0.0"
      }
    },
    "supports-color": {
      "version": "5.5.0",
      "resolved": "https://registry.npm.taobao.org/supports-color/download/supports-color-5.5.0.tgz?cache=0&sync_timestamp=1598611771865&other_urls=https%3A%2F%2Fregistry.npm.taobao.org%2Fsupports-color%2Fdownload%2Fsupports-color-5.5.0.tgz",
      "integrity": "sha1-4uaaRKyHcveKHsCzW2id9lMO/I8=",
      "requires": {
        "has-flag": "^3.0.0"
      }
    },
    "through": {
      "version": "2.3.8",
      "resolved": "https://registry.npm.taobao.org/through/download/through-2.3.8.tgz",
      "integrity": "sha1-DdTJ/6q8NXlgsbckEV1+Doai4fU="
    },
    "tmp": {
      "version": "0.0.33",
      "resolved": "https://registry.npm.taobao.org/tmp/download/tmp-0.0.33.tgz?cache=0&sync_timestamp=1588178571895&other_urls=https%3A%2F%2Fregistry.npm.taobao.org%2Ftmp%2Fdownload%2Ftmp-0.0.33.tgz",
      "integrity": "sha1-bTQzWIl2jSGyvNoKonfO07G/rfk=",
      "requires": {
        "os-tmpdir": "~1.0.2"
      }
    },
    "translation.js": {
      "version": "0.7.15",
      "resolved": "https://registry.npm.taobao.org/translation.js/download/translation.js-0.7.15.tgz",
      "integrity": "sha1-p5zCpv3iDn8dehCPEB3j23ywSrA=",
      "requires": {
        "@types/blueimp-md5": "^2.7.0",
        "@types/node": "^12.7.12",
        "blueimp-md5": "^2.10.0",
        "tslib": "^1.9.3"
      },
      "dependencies": {
        "@types/node": {
          "version": "12.12.55",
          "resolved": "https://registry.npm.taobao.org/@types/node/download/@types/node-12.12.55.tgz?cache=0&sync_timestamp=1599169585298&other_urls=https%3A%2F%2Fregistry.npm.taobao.org%2F%40types%2Fnode%2Fdownload%2F%40types%2Fnode-12.12.55.tgz",
          "integrity": "sha1-CqJmRBy54f0+QVqPYZy313ZmfN0="
        }
      }
    },
    "tslib": {
      "version": "1.13.0",
      "resolved": "https://registry.npm.taobao.org/tslib/download/tslib-1.13.0.tgz?cache=0&sync_timestamp=1596751917452&other_urls=https%3A%2F%2Fregistry.npm.taobao.org%2Ftslib%2Fdownload%2Ftslib-1.13.0.tgz",
      "integrity": "sha1-yIHhPMcBWJTtkUhi0nZDb6mkcEM="
    },
    "tunnel": {
      "version": "0.0.4",
      "resolved": "https://registry.npm.taobao.org/tunnel/download/tunnel-0.0.4.tgz",
      "integrity": "sha1-LTeFoVjBdMmhbcLARuxfxfF0IhM=",
      "dev": true
    },
    "type-fest": {
      "version": "0.11.0",
      "resolved": "https://registry.npm.taobao.org/type-fest/download/type-fest-0.11.0.tgz",
      "integrity": "sha1-l6vwhyMQ/tiKXEZrJWgVdhReM/E="
    },
    "typed-rest-client": {
      "version": "1.2.0",
      "resolved": "https://registry.npm.taobao.org/typed-rest-client/download/typed-rest-client-1.2.0.tgz",
      "integrity": "sha1-cjCF0gPzjX0UcnHl7Tp1SI60SgI=",
      "dev": true,
      "requires": {
        "tunnel": "0.0.4",
        "underscore": "1.8.3"
      }
    },
    "typescript": {
      "version": "4.0.2",
      "resolved": "https://registry.npm.taobao.org/typescript/download/typescript-4.0.2.tgz",
      "integrity": "sha1-fqfIh3fHI8aB4zv3mIvl0AjQWsI="
    },
    "uc.micro": {
      "version": "1.0.6",
      "resolved": "https://registry.npm.taobao.org/uc.micro/download/uc.micro-1.0.6.tgz",
      "integrity": "sha1-nEEagCpAmpH8bPdAgbq6NLJEmaw=",
      "dev": true
    },
    "underscore": {
      "version": "1.8.3",
      "resolved": "https://registry.npm.taobao.org/underscore/download/underscore-1.8.3.tgz?cache=0&sync_timestamp=1598645044264&other_urls=https%3A%2F%2Fregistry.npm.taobao.org%2Funderscore%2Fdownload%2Funderscore-1.8.3.tgz",
      "integrity": "sha1-Tz+1OxBuYJf8+ctBCfKl6b36UCI=",
      "dev": true
    },
    "universalify": {
      "version": "0.1.2",
      "resolved": "https://registry.npm.taobao.org/universalify/download/universalify-0.1.2.tgz",
      "integrity": "sha1-tkb2m+OULavOzJ1mOcgNwQXvqmY="
    },
    "url-join": {
      "version": "1.1.0",
      "resolved": "https://registry.npm.taobao.org/url-join/download/url-join-1.1.0.tgz",
      "integrity": "sha1-dBxsL0WWxIMNZxhGCSDQySIC3Hg=",
      "dev": true
    },
    "util-deprecate": {
      "version": "1.0.2",
      "resolved": "https://registry.npm.taobao.org/util-deprecate/download/util-deprecate-1.0.2.tgz",
      "integrity": "sha1-RQ1Nyfpw3nMnYvvS1KKJgUGaDM8=",
      "dev": true
    },
    "vary": {
      "version": "1.1.2",
      "resolved": "https://registry.npm.taobao.org/vary/download/vary-1.1.2.tgz",
      "integrity": "sha1-IpnwLG3tMNSllhsLn3RSShj2NPw="
    },
    "vsce": {
      "version": "1.79.5",
      "resolved": "https://registry.npm.taobao.org/vsce/download/vsce-1.79.5.tgz",
      "integrity": "sha1-Yi2Ueu2XYy1GDmjsd06sQfVQEC0=",
      "dev": true,
      "requires": {
        "azure-devops-node-api": "^7.2.0",
        "chalk": "^2.4.2",
        "cheerio": "^1.0.0-rc.1",
        "commander": "^2.8.1",
        "denodeify": "^1.2.1",
        "glob": "^7.0.6",
        "leven": "^3.1.0",
        "lodash": "^4.17.15",
        "markdown-it": "^10.0.0",
        "mime": "^1.3.4",
        "minimatch": "^3.0.3",
        "osenv": "^0.1.3",
        "parse-semver": "^1.1.1",
        "read": "^1.0.7",
        "semver": "^5.1.0",
        "tmp": "0.0.29",
        "typed-rest-client": "1.2.0",
        "url-join": "^1.1.0",
        "yauzl": "^2.3.1",
        "yazl": "^2.2.2"
      },
      "dependencies": {
        "commander": {
          "version": "2.20.3",
          "resolved": "https://registry.npm.taobao.org/commander/download/commander-2.20.3.tgz?cache=0&sync_timestamp=1598576199613&other_urls=https%3A%2F%2Fregistry.npm.taobao.org%2Fcommander%2Fdownload%2Fcommander-2.20.3.tgz",
          "integrity": "sha1-/UhehMA+tIgcIHIrpIA16FMa6zM=",
          "dev": true
        },
        "tmp": {
          "version": "0.0.29",
          "resolved": "https://registry.npm.taobao.org/tmp/download/tmp-0.0.29.tgz?cache=0&sync_timestamp=1588178571895&other_urls=https%3A%2F%2Fregistry.npm.taobao.org%2Ftmp%2Fdownload%2Ftmp-0.0.29.tgz",
          "integrity": "sha1-8lEl/w3Z2jzLDC3Tce4SiLuRKMA=",
          "dev": true,
          "requires": {
            "os-tmpdir": "~1.0.1"
          }
        }
      }
    },
    "vscode": {
      "version": "1.1.37",
      "resolved": "https://registry.npm.taobao.org/vscode/download/vscode-1.1.37.tgz",
      "integrity": "sha1-wqdwvuS7P/92Xityx7zIE7imuwo=",
      "dev": true,
      "requires": {
        "glob": "^7.1.2",
        "http-proxy-agent": "^4.0.1",
        "https-proxy-agent": "^5.0.0",
        "mocha": "^5.2.0",
        "semver": "^5.4.1",
        "source-map-support": "^0.5.0",
        "vscode-test": "^0.4.1"
      }
    },
    "vscode-test": {
      "version": "0.4.3",
      "resolved": "https://registry.npm.taobao.org/vscode-test/download/vscode-test-0.4.3.tgz",
      "integrity": "sha1-Rh6/JfxLyT132YKu1VZlii4rkLg=",
      "dev": true,
      "requires": {
        "http-proxy-agent": "^2.1.0",
        "https-proxy-agent": "^2.2.1"
      },
      "dependencies": {
        "agent-base": {
          "version": "4.3.0",
          "resolved": "https://registry.npm.taobao.org/agent-base/download/agent-base-4.3.0.tgz?cache=0&sync_timestamp=1593732657198&other_urls=https%3A%2F%2Fregistry.npm.taobao.org%2Fagent-base%2Fdownload%2Fagent-base-4.3.0.tgz",
          "integrity": "sha1-gWXwHENgCbzK0LHRIvBe13Dvxu4=",
          "dev": true,
          "requires": {
            "es6-promisify": "^5.0.0"
          }
        },
        "debug": {
          "version": "3.1.0",
          "resolved": "https://registry.npm.taobao.org/debug/download/debug-3.1.0.tgz",
          "integrity": "sha1-W7WgZyYotkFJVmuhaBnmFRjGcmE=",
          "dev": true,
          "requires": {
            "ms": "2.0.0"
          }
        },
        "http-proxy-agent": {
          "version": "2.1.0",
          "resolved": "https://registry.npm.taobao.org/http-proxy-agent/download/http-proxy-agent-2.1.0.tgz?cache=0&sync_timestamp=1581207821299&other_urls=https%3A%2F%2Fregistry.npm.taobao.org%2Fhttp-proxy-agent%2Fdownload%2Fhttp-proxy-agent-2.1.0.tgz",
          "integrity": "sha1-5IIb7vWyFCogJr1zkm/lN2McVAU=",
          "dev": true,
          "requires": {
            "agent-base": "4",
            "debug": "3.1.0"
          }
        },
        "https-proxy-agent": {
          "version": "2.2.4",
          "resolved": "https://registry.npm.taobao.org/https-proxy-agent/download/https-proxy-agent-2.2.4.tgz?cache=0&other_urls=https%3A%2F%2Fregistry.npm.taobao.org%2Fhttps-proxy-agent%2Fdownload%2Fhttps-proxy-agent-2.2.4.tgz",
          "integrity": "sha1-TuenN6vZJniik9mzShr00NCMeHs=",
          "dev": true,
          "requires": {
            "agent-base": "^4.3.0",
            "debug": "^3.1.0"
          }
        },
        "ms": {
          "version": "2.0.0",
          "resolved": "https://registry.npm.taobao.org/ms/download/ms-2.0.0.tgz",
          "integrity": "sha1-VgiurfwAvmwpAd9fmGF4jeDVl8g=",
          "dev": true
        }
      }
    },
    "wrappy": {
      "version": "1.0.2",
      "resolved": "https://registry.npm.taobao.org/wrappy/download/wrappy-1.0.2.tgz",
      "integrity": "sha1-tSQ9jz7BqjXxNkYFvA0QNuMKtp8=",
      "dev": true
    },
    "yauzl": {
      "version": "2.10.0",
      "resolved": "https://registry.npm.taobao.org/yauzl/download/yauzl-2.10.0.tgz",
      "integrity": "sha1-x+sXyT4RLLEIb6bY5R+wZnt5pfk=",
      "dev": true,
      "requires": {
        "buffer-crc32": "~0.2.3",
        "fd-slicer": "~1.1.0"
      }
    },
    "yazl": {
      "version": "2.5.1",
      "resolved": "https://registry.npm.taobao.org/yazl/download/yazl-2.5.1.tgz",
      "integrity": "sha1-o9ZdPdZZpbCTeFDoYJ8i//orXDU=",
      "dev": true,
      "requires": {
        "buffer-crc32": "~0.2.3"
      }
    }
  }
}
